// !$*UTF8*$!
{
	archiveVersion = 1;
	classes = {
	};
	objectVersion = 46;
	objects = {

/* Begin PBXBuildFile section */
		1D3623260D0F684500981E51 /* AppDelegate.m in Sources */ = {isa = PBXBuildFile; fileRef = 1D3623250D0F684500981E51 /* AppDelegate.m */; };
		1D60589B0D05DD56006BFB54 /* main.m in Sources */ = {isa = PBXBuildFile; fileRef = 29B97316FDCFA39411CA2CEA /* main.m */; };
		1D60589F0D05DD5A006BFB54 /* Foundation.framework in Frameworks */ = {isa = PBXBuildFile; fileRef = 1D30AB110D05D00D00671497 /* Foundation.framework */; };
		1DF5F4E00D08C38300B7A737 /* UIKit.framework in Frameworks */ = {isa = PBXBuildFile; fileRef = 1DF5F4DF0D08C38300B7A737 /* UIKit.framework */; };
		288765FD0DF74451002DB57D /* CoreGraphics.framework in Frameworks */ = {isa = PBXBuildFile; fileRef = 288765FC0DF74451002DB57D /* CoreGraphics.framework */; };
		3C38FAF11791592E003CC8C0 /* RoundData.m in Sources */ = {isa = PBXBuildFile; fileRef = 3C38FAF01791592D003CC8C0 /* RoundData.m */; };
		3C38FAF717921B71003CC8C0 /* Charset.m in Sources */ = {isa = PBXBuildFile; fileRef = 3C38FAF617921B71003CC8C0 /* Charset.m */; };
		3C4435E5179D56BF00032623 /* Parse.framework in Frameworks */ = {isa = PBXBuildFile; fileRef = 3C81538B179CF3930079EB06 /* Parse.framework */; };
		3C4435EB179DF96700032623 /* background@2x.jpg in Resources */ = {isa = PBXBuildFile; fileRef = 3C4435EA179DF96700032623 /* background@2x.jpg */; };
		3C4435F1179E0F6A00032623 /* Default-568h@2x.png in Resources */ = {isa = PBXBuildFile; fileRef = 3C4435F0179E0F6A00032623 /* Default-568h@2x.png */; };
		3C44360C17A2EE4C00032623 /* charsets.json in Resources */ = {isa = PBXBuildFile; fileRef = 3C44360B17A2EE4C00032623 /* charsets.json */; };
		3C815330179B8A450079EB06 /* blueButton@2x.png in Resources */ = {isa = PBXBuildFile; fileRef = 3C81532E179B8A450079EB06 /* blueButton@2x.png */; };
		3C815331179B8A450079EB06 /* blueButtonHighlight@2x.png in Resources */ = {isa = PBXBuildFile; fileRef = 3C81532F179B8A450079EB06 /* blueButtonHighlight@2x.png */; };
		3C815334179B8A530079EB06 /* blueButton.png in Resources */ = {isa = PBXBuildFile; fileRef = 3C815332179B8A530079EB06 /* blueButton.png */; };
		3C815335179B8A530079EB06 /* blueButtonHighlight.png in Resources */ = {isa = PBXBuildFile; fileRef = 3C815333179B8A530079EB06 /* blueButtonHighlight.png */; };
		3C815338179CC9E30079EB06 /* SwipeScene.m in Resources */ = {isa = PBXBuildFile; fileRef = 3C815337179CC9E30079EB06 /* SwipeScene.m */; };
		3C815387179CCC500079EB06 /* SwipeScene.m in Sources */ = {isa = PBXBuildFile; fileRef = 3C815337179CC9E30079EB06 /* SwipeScene.m */; };
		3C81538A179CD6700079EB06 /* RaceReviewScene.m in Sources */ = {isa = PBXBuildFile; fileRef = 3C815389179CD66F0079EB06 /* RaceReviewScene.m */; };
		3C81538E179CF4110079EB06 /* CoreLocation.framework in Frameworks */ = {isa = PBXBuildFile; fileRef = 3C81538D179CF4110079EB06 /* CoreLocation.framework */; };
		3C815390179CF41D0079EB06 /* libz.1.1.3.dylib in Frameworks */ = {isa = PBXBuildFile; fileRef = 3C81538F179CF41D0079EB06 /* libz.1.1.3.dylib */; };
		3C815392179CF43F0079EB06 /* StoreKit.framework in Frameworks */ = {isa = PBXBuildFile; fileRef = 3C815391179CF43F0079EB06 /* StoreKit.framework */; };
		3C815395179CF8930079EB06 /* LoginViewController.m in Sources */ = {isa = PBXBuildFile; fileRef = 3C815394179CF8930079EB06 /* LoginViewController.m */; };
		3C81539B179D27290079EB06 /* MBProgressHUD.m in Sources */ = {isa = PBXBuildFile; fileRef = 3C81539A179D27290079EB06 /* MBProgressHUD.m */; };
		3C81539F179D34F30079EB06 /* NoticeScene.m in Sources */ = {isa = PBXBuildFile; fileRef = 3C81539E179D34F10079EB06 /* NoticeScene.m */; };
		3C89AB96178B572400874DC8 /* CFNetwork.framework in Frameworks */ = {isa = PBXBuildFile; fileRef = 3C89AB95178B572400874DC8 /* CFNetwork.framework */; };
		3C89AB98178B575100874DC8 /* MobileCoreServices.framework in Frameworks */ = {isa = PBXBuildFile; fileRef = 3C89AB97178B575100874DC8 /* MobileCoreServices.framework */; };
		3C89AB9A178B576200874DC8 /* SystemConfiguration.framework in Frameworks */ = {isa = PBXBuildFile; fileRef = 3C89AB99178B576200874DC8 /* SystemConfiguration.framework */; };
		3C89ABB2178BBC5C00874DC8 /* BFClassifier.m in Sources */ = {isa = PBXBuildFile; fileRef = 3CA09638178B526B000B8A0E /* BFClassifier.m */; };
		3CA096251787505D000B8A0E /* Canvas.m in Sources */ = {isa = PBXBuildFile; fileRef = 3CA096241787505D000B8A0E /* Canvas.m */; };
		3CA09628178778C4000B8A0E /* Scene.m in Sources */ = {isa = PBXBuildFile; fileRef = 3CA09627178778C4000B8A0E /* Scene.m */; };
		3CA0962E17878525000B8A0E /* MenuScene.m in Sources */ = {isa = PBXBuildFile; fileRef = 3CA0962D17878525000B8A0E /* MenuScene.m */; };
		3CA0963117878540000B8A0E /* RaceScene.m in Sources */ = {isa = PBXBuildFile; fileRef = 3CA096301787853F000B8A0E /* RaceScene.m */; };
		3CA09633178788FE000B8A0E /* button_big.png in Resources */ = {isa = PBXBuildFile; fileRef = 3CA09632178788FE000B8A0E /* button_big.png */; };
		3CA096351787890F000B8A0E /* button_big@2x.png in Resources */ = {isa = PBXBuildFile; fileRef = 3CA096341787890F000B8A0E /* button_big@2x.png */; };
		3CA0963B178B52A6000B8A0E /* JCSuperPriorityQueue.mm in Sources */ = {isa = PBXBuildFile; fileRef = 3CA0963A178B52A6000B8A0E /* JCSuperPriorityQueue.mm */; };
		3CA0964F178B52F0000B8A0E /* InkPoint.m in Sources */ = {isa = PBXBuildFile; fileRef = 3CA0963E178B52F0000B8A0E /* InkPoint.m */; };
		3CA09651178B52F0000B8A0E /* InkCharacter.m in Sources */ = {isa = PBXBuildFile; fileRef = 3CA09642178B52F0000B8A0E /* InkCharacter.m */; };
		3CA09654178B52F0000B8A0E /* ClassificationResult.m in Sources */ = {isa = PBXBuildFile; fileRef = 3CA09648178B52F0000B8A0E /* ClassificationResult.m */; };
		3CA09655178B52F0000B8A0E /* SessionData.m in Sources */ = {isa = PBXBuildFile; fileRef = 3CA0964A178B52F0000B8A0E /* SessionData.m */; };
		3CA09656178B52F0000B8A0E /* UserData.m in Sources */ = {isa = PBXBuildFile; fileRef = 3CA0964C178B52F0000B8A0E /* UserData.m */; };
		3CA09657178B52F0000B8A0E /* GlobalStorage.m in Sources */ = {isa = PBXBuildFile; fileRef = 3CA0964E178B52F0000B8A0E /* GlobalStorage.m */; };
		3CA0965A178B5361000B8A0E /* ServerManager.m in Sources */ = {isa = PBXBuildFile; fileRef = 3CA09659178B5361000B8A0E /* ServerManager.m */; };
		3CD25FFE179904DB007DDB75 /* 0.caf in Resources */ = {isa = PBXBuildFile; fileRef = 3CD25FBE179904DB007DDB75 /* 0.caf */; };
		3CD25FFF179904DB007DDB75 /* 1.caf in Resources */ = {isa = PBXBuildFile; fileRef = 3CD25FBF179904DB007DDB75 /* 1.caf */; };
		3CD26000179904DB007DDB75 /* 2.caf in Resources */ = {isa = PBXBuildFile; fileRef = 3CD25FC0179904DB007DDB75 /* 2.caf */; };
		3CD26001179904DB007DDB75 /* 3.caf in Resources */ = {isa = PBXBuildFile; fileRef = 3CD25FC1179904DB007DDB75 /* 3.caf */; };
		3CD26002179904DB007DDB75 /* 4.caf in Resources */ = {isa = PBXBuildFile; fileRef = 3CD25FC2179904DB007DDB75 /* 4.caf */; };
		3CD26003179904DB007DDB75 /* 5.caf in Resources */ = {isa = PBXBuildFile; fileRef = 3CD25FC3179904DB007DDB75 /* 5.caf */; };
		3CD26004179904DB007DDB75 /* 6.caf in Resources */ = {isa = PBXBuildFile; fileRef = 3CD25FC4179904DB007DDB75 /* 6.caf */; };
		3CD26005179904DB007DDB75 /* 7.caf in Resources */ = {isa = PBXBuildFile; fileRef = 3CD25FC5179904DB007DDB75 /* 7.caf */; };
		3CD26006179904DB007DDB75 /* 8.caf in Resources */ = {isa = PBXBuildFile; fileRef = 3CD25FC6179904DB007DDB75 /* 8.caf */; };
		3CD26007179904DB007DDB75 /* 9.caf in Resources */ = {isa = PBXBuildFile; fileRef = 3CD25FC7179904DB007DDB75 /* 9.caf */; };
		3CD26008179904DB007DDB75 /* a.caf in Resources */ = {isa = PBXBuildFile; fileRef = 3CD25FC8179904DB007DDB75 /* a.caf */; };
		3CD26009179904DB007DDB75 /* alef.caf in Resources */ = {isa = PBXBuildFile; fileRef = 3CD25FC9179904DB007DDB75 /* alef.caf */; };
		3CD2600A179904DB007DDB75 /* ayin.caf in Resources */ = {isa = PBXBuildFile; fileRef = 3CD25FCA179904DB007DDB75 /* ayin.caf */; };
		3CD2600B179904DB007DDB75 /* b.caf in Resources */ = {isa = PBXBuildFile; fileRef = 3CD25FCB179904DB007DDB75 /* b.caf */; };
		3CD2600C179904DB007DDB75 /* bet.caf in Resources */ = {isa = PBXBuildFile; fileRef = 3CD25FCC179904DB007DDB75 /* bet.caf */; };
		3CD2600D179904DB007DDB75 /* c.caf in Resources */ = {isa = PBXBuildFile; fileRef = 3CD25FCD179904DB007DDB75 /* c.caf */; };
		3CD2600E179904DB007DDB75 /* d.caf in Resources */ = {isa = PBXBuildFile; fileRef = 3CD25FCE179904DB007DDB75 /* d.caf */; };
		3CD2600F179904DB007DDB75 /* dalet.caf in Resources */ = {isa = PBXBuildFile; fileRef = 3CD25FCF179904DB007DDB75 /* dalet.caf */; };
		3CD26010179904DB007DDB75 /* e.caf in Resources */ = {isa = PBXBuildFile; fileRef = 3CD25FD0179904DB007DDB75 /* e.caf */; };
		3CD26011179904DB007DDB75 /* f.caf in Resources */ = {isa = PBXBuildFile; fileRef = 3CD25FD1179904DB007DDB75 /* f.caf */; };
		3CD26012179904DB007DDB75 /* g.caf in Resources */ = {isa = PBXBuildFile; fileRef = 3CD25FD2179904DB007DDB75 /* g.caf */; };
		3CD26013179904DB007DDB75 /* gimel.caf in Resources */ = {isa = PBXBuildFile; fileRef = 3CD25FD3179904DB007DDB75 /* gimel.caf */; };
		3CD26014179904DB007DDB75 /* h.caf in Resources */ = {isa = PBXBuildFile; fileRef = 3CD25FD4179904DB007DDB75 /* h.caf */; };
		3CD26015179904DB007DDB75 /* he.caf in Resources */ = {isa = PBXBuildFile; fileRef = 3CD25FD5179904DB007DDB75 /* he.caf */; };
		3CD26016179904DB007DDB75 /* het.caf in Resources */ = {isa = PBXBuildFile; fileRef = 3CD25FD6179904DB007DDB75 /* het.caf */; };
		3CD26017179904DB007DDB75 /* i.caf in Resources */ = {isa = PBXBuildFile; fileRef = 3CD25FD7179904DB007DDB75 /* i.caf */; };
		3CD26018179904DB007DDB75 /* j.caf in Resources */ = {isa = PBXBuildFile; fileRef = 3CD25FD8179904DB007DDB75 /* j.caf */; };
		3CD26019179904DB007DDB75 /* k.caf in Resources */ = {isa = PBXBuildFile; fileRef = 3CD25FD9179904DB007DDB75 /* k.caf */; };
		3CD2601A179904DB007DDB75 /* kaf_final.caf in Resources */ = {isa = PBXBuildFile; fileRef = 3CD25FDA179904DB007DDB75 /* kaf_final.caf */; };
		3CD2601B179904DB007DDB75 /* kaf.caf in Resources */ = {isa = PBXBuildFile; fileRef = 3CD25FDB179904DB007DDB75 /* kaf.caf */; };
		3CD2601C179904DB007DDB75 /* l.caf in Resources */ = {isa = PBXBuildFile; fileRef = 3CD25FDC179904DB007DDB75 /* l.caf */; };
		3CD2601D179904DB007DDB75 /* lamed.caf in Resources */ = {isa = PBXBuildFile; fileRef = 3CD25FDD179904DB007DDB75 /* lamed.caf */; };
		3CD2601E179904DB007DDB75 /* m.caf in Resources */ = {isa = PBXBuildFile; fileRef = 3CD25FDE179904DB007DDB75 /* m.caf */; };
		3CD2601F179904DB007DDB75 /* mem_final.caf in Resources */ = {isa = PBXBuildFile; fileRef = 3CD25FDF179904DB007DDB75 /* mem_final.caf */; };
		3CD26020179904DB007DDB75 /* mem.caf in Resources */ = {isa = PBXBuildFile; fileRef = 3CD25FE0179904DB007DDB75 /* mem.caf */; };
		3CD26021179904DB007DDB75 /* n.caf in Resources */ = {isa = PBXBuildFile; fileRef = 3CD25FE1179904DB007DDB75 /* n.caf */; };
		3CD26022179904DB007DDB75 /* nun_final.caf in Resources */ = {isa = PBXBuildFile; fileRef = 3CD25FE2179904DB007DDB75 /* nun_final.caf */; };
		3CD26023179904DB007DDB75 /* nun.caf in Resources */ = {isa = PBXBuildFile; fileRef = 3CD25FE3179904DB007DDB75 /* nun.caf */; };
		3CD26024179904DB007DDB75 /* o.caf in Resources */ = {isa = PBXBuildFile; fileRef = 3CD25FE4179904DB007DDB75 /* o.caf */; };
		3CD26025179904DB007DDB75 /* p.caf in Resources */ = {isa = PBXBuildFile; fileRef = 3CD25FE5179904DB007DDB75 /* p.caf */; };
		3CD26026179904DB007DDB75 /* pe_final.caf in Resources */ = {isa = PBXBuildFile; fileRef = 3CD25FE6179904DB007DDB75 /* pe_final.caf */; };
		3CD26027179904DB007DDB75 /* pe.caf in Resources */ = {isa = PBXBuildFile; fileRef = 3CD25FE7179904DB007DDB75 /* pe.caf */; };
		3CD26028179904DB007DDB75 /* q.caf in Resources */ = {isa = PBXBuildFile; fileRef = 3CD25FE8179904DB007DDB75 /* q.caf */; };
		3CD26029179904DB007DDB75 /* qof.caf in Resources */ = {isa = PBXBuildFile; fileRef = 3CD25FE9179904DB007DDB75 /* qof.caf */; };
		3CD2602A179904DB007DDB75 /* r.caf in Resources */ = {isa = PBXBuildFile; fileRef = 3CD25FEA179904DB007DDB75 /* r.caf */; };
		3CD2602B179904DB007DDB75 /* resh.caf in Resources */ = {isa = PBXBuildFile; fileRef = 3CD25FEB179904DB007DDB75 /* resh.caf */; };
		3CD2602C179904DB007DDB75 /* s.caf in Resources */ = {isa = PBXBuildFile; fileRef = 3CD25FEC179904DB007DDB75 /* s.caf */; };
		3CD2602D179904DB007DDB75 /* samekh.caf in Resources */ = {isa = PBXBuildFile; fileRef = 3CD25FED179904DB007DDB75 /* samekh.caf */; };
		3CD2602E179904DB007DDB75 /* shin.caf in Resources */ = {isa = PBXBuildFile; fileRef = 3CD25FEE179904DB007DDB75 /* shin.caf */; };
		3CD2602F179904DB007DDB75 /* t.caf in Resources */ = {isa = PBXBuildFile; fileRef = 3CD25FEF179904DB007DDB75 /* t.caf */; };
		3CD26030179904DB007DDB75 /* tav.caf in Resources */ = {isa = PBXBuildFile; fileRef = 3CD25FF0179904DB007DDB75 /* tav.caf */; };
		3CD26031179904DB007DDB75 /* tet.caf in Resources */ = {isa = PBXBuildFile; fileRef = 3CD25FF1179904DB007DDB75 /* tet.caf */; };
		3CD26032179904DB007DDB75 /* tsadi_final.caf in Resources */ = {isa = PBXBuildFile; fileRef = 3CD25FF2179904DB007DDB75 /* tsadi_final.caf */; };
		3CD26033179904DB007DDB75 /* tsadi.caf in Resources */ = {isa = PBXBuildFile; fileRef = 3CD25FF3179904DB007DDB75 /* tsadi.caf */; };
		3CD26034179904DB007DDB75 /* u.caf in Resources */ = {isa = PBXBuildFile; fileRef = 3CD25FF4179904DB007DDB75 /* u.caf */; };
		3CD26035179904DB007DDB75 /* v.caf in Resources */ = {isa = PBXBuildFile; fileRef = 3CD25FF5179904DB007DDB75 /* v.caf */; };
		3CD26036179904DB007DDB75 /* vav.caf in Resources */ = {isa = PBXBuildFile; fileRef = 3CD25FF6179904DB007DDB75 /* vav.caf */; };
		3CD26037179904DB007DDB75 /* w.caf in Resources */ = {isa = PBXBuildFile; fileRef = 3CD25FF7179904DB007DDB75 /* w.caf */; };
		3CD26038179904DB007DDB75 /* WhoopFlp.caf in Resources */ = {isa = PBXBuildFile; fileRef = 3CD25FF8179904DB007DDB75 /* WhoopFlp.caf */; };
		3CD26039179904DB007DDB75 /* x.caf in Resources */ = {isa = PBXBuildFile; fileRef = 3CD25FF9179904DB007DDB75 /* x.caf */; };
		3CD2603A179904DB007DDB75 /* y.caf in Resources */ = {isa = PBXBuildFile; fileRef = 3CD25FFA179904DB007DDB75 /* y.caf */; };
		3CD2603B179904DB007DDB75 /* yod.caf in Resources */ = {isa = PBXBuildFile; fileRef = 3CD25FFB179904DB007DDB75 /* yod.caf */; };
		3CD2603C179904DB007DDB75 /* z.caf in Resources */ = {isa = PBXBuildFile; fileRef = 3CD25FFC179904DB007DDB75 /* z.caf */; };
		3CD2603D179904DB007DDB75 /* zayin.caf in Resources */ = {isa = PBXBuildFile; fileRef = 3CD25FFD179904DB007DDB75 /* zayin.caf */; };
		3CD2604017994299007DDB75 /* RaceSummaryScene.m in Sources */ = {isa = PBXBuildFile; fileRef = 3CD2603F17994298007DDB75 /* RaceSummaryScene.m */; };
		3CD260441799DA0D007DDB75 /* EditCustomScene.m in Sources */ = {isa = PBXBuildFile; fileRef = 3CD260431799DA0B007DDB75 /* EditCustomScene.m */; };
		3CE1B17E178BED370041D1BF /* DING.caf in Resources */ = {isa = PBXBuildFile; fileRef = 3CE1B17D178BED370041D1BF /* DING.caf */; };
		3CE1B180178BF1EE0041D1BF /* _Default-568h@2x.png in Resources */ = {isa = PBXBuildFile; fileRef = 3CE1B17F178BF1ED0041D1BF /* _Default-568h@2x.png */; };
		3CE1B183178C03CB0041D1BF /* briefcase-lock-2.caf in Resources */ = {isa = PBXBuildFile; fileRef = 3CE1B182178C03CB0041D1BF /* briefcase-lock-2.caf */; };
		3CE1B1BD1790EDD60041D1BF /* BFPrototype.m in Sources */ = {isa = PBXBuildFile; fileRef = 3CE1B1881790AA320041D1BF /* BFPrototype.m */; };
		3CE1B1D51790EE170041D1BF /* ASIAuthenticationDialog.m in Sources */ = {isa = PBXBuildFile; fileRef = 3CE1B1C01790EE170041D1BF /* ASIAuthenticationDialog.m */; settings = {COMPILER_FLAGS = "-fno-objc-arc"; }; };
		3CE1B1D61790EE170041D1BF /* ASIDataCompressor.m in Sources */ = {isa = PBXBuildFile; fileRef = 3CE1B1C31790EE170041D1BF /* ASIDataCompressor.m */; settings = {COMPILER_FLAGS = "-fno-objc-arc"; }; };
		3CE1B1D71790EE170041D1BF /* ASIDataDecompressor.m in Sources */ = {isa = PBXBuildFile; fileRef = 3CE1B1C51790EE170041D1BF /* ASIDataDecompressor.m */; settings = {COMPILER_FLAGS = "-fno-objc-arc"; }; };
		3CE1B1D81790EE170041D1BF /* ASIDownloadCache.m in Sources */ = {isa = PBXBuildFile; fileRef = 3CE1B1C71790EE170041D1BF /* ASIDownloadCache.m */; settings = {COMPILER_FLAGS = "-fno-objc-arc"; }; };
		3CE1B1D91790EE170041D1BF /* ASIFormDataRequest.m in Sources */ = {isa = PBXBuildFile; fileRef = 3CE1B1C91790EE170041D1BF /* ASIFormDataRequest.m */; settings = {COMPILER_FLAGS = "-fno-objc-arc"; }; };
		3CE1B1DA1790EE170041D1BF /* ASIHTTPRequest.m in Sources */ = {isa = PBXBuildFile; fileRef = 3CE1B1CB1790EE170041D1BF /* ASIHTTPRequest.m */; settings = {COMPILER_FLAGS = "-fno-objc-arc"; }; };
		3CE1B1DB1790EE170041D1BF /* ASIInputStream.m in Sources */ = {isa = PBXBuildFile; fileRef = 3CE1B1CF1790EE170041D1BF /* ASIInputStream.m */; settings = {COMPILER_FLAGS = "-fno-objc-arc"; }; };
		3CE1B1DC1790EE170041D1BF /* ASINetworkQueue.m in Sources */ = {isa = PBXBuildFile; fileRef = 3CE1B1D11790EE170041D1BF /* ASINetworkQueue.m */; settings = {COMPILER_FLAGS = "-fno-objc-arc"; }; };
		3CE1B1DD1790EE170041D1BF /* Reachability.m in Sources */ = {isa = PBXBuildFile; fileRef = 3CE1B1D41790EE170041D1BF /* Reachability.m */; settings = {COMPILER_FLAGS = "-fno-objc-arc"; }; };
		3CE1B1FB1790F0220041D1BF /* SenTestingKit.framework in Frameworks */ = {isa = PBXBuildFile; fileRef = 3CE1B1E41790EF320041D1BF /* SenTestingKit.framework */; };
		3CE1B1FC1790F0220041D1BF /* UIKit.framework in Frameworks */ = {isa = PBXBuildFile; fileRef = 1DF5F4DF0D08C38300B7A737 /* UIKit.framework */; };
		3CE1B1FD1790F0220041D1BF /* Foundation.framework in Frameworks */ = {isa = PBXBuildFile; fileRef = 1D30AB110D05D00D00671497 /* Foundation.framework */; };
		3CE1B2031790F0230041D1BF /* InfoPlist.strings in Resources */ = {isa = PBXBuildFile; fileRef = 3CE1B2011790F0230041D1BF /* InfoPlist.strings */; };
		3CE1B2061790F0230041D1BF /* JCSuperPriorityQueueTest.m in Sources */ = {isa = PBXBuildFile; fileRef = 3CE1B2051790F0230041D1BF /* JCSuperPriorityQueueTest.m */; };
		3CE1B20D1790F28D0041D1BF /* BFClassifierTest.m in Sources */ = {isa = PBXBuildFile; fileRef = 3CE1B1BA1790ED1E0041D1BF /* BFClassifierTest.m */; };
		3CE29DCB1793FF3200769A23 /* FacebookSDKResources.bundle in Resources */ = {isa = PBXBuildFile; fileRef = 3CE29DC91793FF3200769A23 /* FacebookSDKResources.bundle */; };
		3CE29DCC1793FF3200769A23 /* FacebookSDK.framework in Frameworks */ = {isa = PBXBuildFile; fileRef = 3CE29DCA1793FF3200769A23 /* FacebookSDK.framework */; };
		3CE29DD01794003F00769A23 /* AdSupport.framework in Frameworks */ = {isa = PBXBuildFile; fileRef = 3CE29DCF1794003F00769A23 /* AdSupport.framework */; };
		3CE29DD21794004C00769A23 /* Accounts.framework in Frameworks */ = {isa = PBXBuildFile; fileRef = 3CE29DD11794004C00769A23 /* Accounts.framework */; };
		3CE29DD41794006200769A23 /* libsqlite3.dylib in Frameworks */ = {isa = PBXBuildFile; fileRef = 3CE29DD31794006200769A23 /* libsqlite3.dylib */; };
		3CE29DD61794006C00769A23 /* Security.framework in Frameworks */ = {isa = PBXBuildFile; fileRef = 3CE29DD51794006C00769A23 /* Security.framework */; };
		3CE29DD81794007300769A23 /* Social.framework in Frameworks */ = {isa = PBXBuildFile; fileRef = 3CE29DD71794007300769A23 /* Social.framework */; };
		3CE29DDB17943A5500769A23 /* AccountManager.m in Sources */ = {isa = PBXBuildFile; fileRef = 3CE29DDA17943A5500769A23 /* AccountManager.m */; };
		DE0C71071624178400357F6E /* Default-Portrait~ipad.png in Resources */ = {isa = PBXBuildFile; fileRef = DE0C71061624178400357F6E /* Default-Portrait~ipad.png */; };
		DE0C71091624179300357F6E /* Default-Landscape~ipad.png in Resources */ = {isa = PBXBuildFile; fileRef = DE0C71081624179300357F6E /* Default-Landscape~ipad.png */; };
		DE0C710B162417A600357F6E /* Icon.png in Resources */ = {isa = PBXBuildFile; fileRef = DE0C710A162417A600357F6E /* Icon.png */; };
		DE0C710D162417AC00357F6E /* Icon~ipad.png in Resources */ = {isa = PBXBuildFile; fileRef = DE0C710C162417AC00357F6E /* Icon~ipad.png */; };
		DE0C710F162417B400357F6E /* Icon@2x.png in Resources */ = {isa = PBXBuildFile; fileRef = DE0C710E162417B400357F6E /* Icon@2x.png */; };
		DE0C7111162417B800357F6E /* Icon@2x~ipad.png in Resources */ = {isa = PBXBuildFile; fileRef = DE0C7110162417B800357F6E /* Icon@2x~ipad.png */; };
		DE115961162320F100A25086 /* background.jpg in Resources */ = {isa = PBXBuildFile; fileRef = DE115960162320F100A25086 /* background.jpg */; };
		DE115963162320F800A25086 /* _background@2x.jpg in Resources */ = {isa = PBXBuildFile; fileRef = DE115962162320F800A25086 /* _background@2x.jpg */; };
		DE3F093811B7B9DC009D4DB0 /* AVFoundation.framework in Frameworks */ = {isa = PBXBuildFile; fileRef = DE3F093711B7B9DC009D4DB0 /* AVFoundation.framework */; };
		DE3F093A11B7B9DC009D4DB0 /* AudioToolbox.framework in Frameworks */ = {isa = PBXBuildFile; fileRef = DE3F093911B7B9DC009D4DB0 /* AudioToolbox.framework */; };
		DE3F097811B7BABD009D4DB0 /* OpenAL.framework in Frameworks */ = {isa = PBXBuildFile; fileRef = DE3F097711B7BABD009D4DB0 /* OpenAL.framework */; };
		DE4A3D7A10FFB08200FDA492 /* OpenGLES.framework in Frameworks */ = {isa = PBXBuildFile; fileRef = DE4A3D7910FFB08200FDA492 /* OpenGLES.framework */; };
		DE4A3D7F10FFB08B00FDA492 /* QuartzCore.framework in Frameworks */ = {isa = PBXBuildFile; fileRef = DE4A3D7E10FFB08B00FDA492 /* QuartzCore.framework */; };
		DE4A3DB910FFB0FE00FDA492 /* libSparrow.a in Frameworks */ = {isa = PBXBuildFile; fileRef = DE4A3DB010FFB0DB00FDA492 /* libSparrow.a */; };
		DE4A3DE510FFB2AF00FDA492 /* Game.m in Sources */ = {isa = PBXBuildFile; fileRef = DE4A3DE410FFB2AF00FDA492 /* Game.m */; };
		DE4F80D614E153E600655D44 /* Media.m in Sources */ = {isa = PBXBuildFile; fileRef = DE4F80D514E153E600655D44 /* Media.m */; };
		DE4F80E814E1541400655D44 /* sound.caf in Resources */ = {isa = PBXBuildFile; fileRef = DE4F80DB14E1541400655D44 /* sound.caf */; };
		DE4F80E914E1541400655D44 /* atlas.png in Resources */ = {isa = PBXBuildFile; fileRef = DE4F80DE14E1541400655D44 /* atlas.png */; };
		DE4F80EA14E1541400655D44 /* atlas.xml in Resources */ = {isa = PBXBuildFile; fileRef = DE4F80DF14E1541400655D44 /* atlas.xml */; };
		DE4F80ED14E1541400655D44 /* atlas@2x.png in Resources */ = {isa = PBXBuildFile; fileRef = DE4F80E314E1541400655D44 /* atlas@2x.png */; };
		DE4F80EE14E1541400655D44 /* atlas@2x.xml in Resources */ = {isa = PBXBuildFile; fileRef = DE4F80E414E1541400655D44 /* atlas@2x.xml */; };
		DE5C4E6E138ED109004892CA /* libz.dylib in Frameworks */ = {isa = PBXBuildFile; fileRef = DE5C4E6D138ED109004892CA /* libz.dylib */; };
		DEAAF3DF16BC114D004EB9D5 /* GLKit.framework in Frameworks */ = {isa = PBXBuildFile; fileRef = DEAAF3DE16BC114D004EB9D5 /* GLKit.framework */; };
/* End PBXBuildFile section */

/* Begin PBXContainerItemProxy section */
		3CE1B20E1790F6E50041D1BF /* PBXContainerItemProxy */ = {
			isa = PBXContainerItemProxy;
			containerPortal = 29B97313FDCFA39411CA2CEA /* Project object */;
			proxyType = 1;
			remoteGlobalIDString = 1D6058900D05DD3D006BFB54;
			remoteInfo = iphone;
		};
		DE4A3DAF10FFB0DB00FDA492 /* PBXContainerItemProxy */ = {
			isa = PBXContainerItemProxy;
			containerPortal = DE4A3DA210FFB0D400FDA492 /* Sparrow.xcodeproj */;
			proxyType = 2;
			remoteGlobalIDString = DEFE4BC2101B317600E22471;
			remoteInfo = Sparrow;
		};
		DE4A3DB110FFB0DB00FDA492 /* PBXContainerItemProxy */ = {
			isa = PBXContainerItemProxy;
			containerPortal = DE4A3DA210FFB0D400FDA492 /* Sparrow.xcodeproj */;
			proxyType = 2;
			remoteGlobalIDString = DEEA9335101E32A30071DD21;
			remoteInfo = UnitTests;
		};
		DE4A3DB710FFB0F500FDA492 /* PBXContainerItemProxy */ = {
			isa = PBXContainerItemProxy;
			containerPortal = DE4A3DA210FFB0D400FDA492 /* Sparrow.xcodeproj */;
			proxyType = 1;
			remoteGlobalIDString = DEFE4BC1101B317600E22471;
			remoteInfo = Sparrow;
		};
/* End PBXContainerItemProxy section */

/* Begin PBXFileReference section */
		1D30AB110D05D00D00671497 /* Foundation.framework */ = {isa = PBXFileReference; lastKnownFileType = wrapper.framework; name = Foundation.framework; path = System/Library/Frameworks/Foundation.framework; sourceTree = SDKROOT; };
		1D3623240D0F684500981E51 /* AppDelegate.h */ = {isa = PBXFileReference; fileEncoding = 4; lastKnownFileType = sourcecode.c.h; path = AppDelegate.h; sourceTree = "<group>"; };
		1D3623250D0F684500981E51 /* AppDelegate.m */ = {isa = PBXFileReference; fileEncoding = 4; lastKnownFileType = sourcecode.c.objc; path = AppDelegate.m; sourceTree = "<group>"; };
		1D6058910D05DD3D006BFB54 /* uRight3.app */ = {isa = PBXFileReference; explicitFileType = wrapper.application; includeInIndex = 0; path = uRight3.app; sourceTree = BUILT_PRODUCTS_DIR; };
		1DF5F4DF0D08C38300B7A737 /* UIKit.framework */ = {isa = PBXFileReference; lastKnownFileType = wrapper.framework; name = UIKit.framework; path = System/Library/Frameworks/UIKit.framework; sourceTree = SDKROOT; };
		288765FC0DF74451002DB57D /* CoreGraphics.framework */ = {isa = PBXFileReference; lastKnownFileType = wrapper.framework; name = CoreGraphics.framework; path = System/Library/Frameworks/CoreGraphics.framework; sourceTree = SDKROOT; };
		29B97316FDCFA39411CA2CEA /* main.m */ = {isa = PBXFileReference; fileEncoding = 4; lastKnownFileType = sourcecode.c.objc; path = main.m; sourceTree = "<group>"; };
		32CA4F630368D1EE00C91783 /* App-Prefix.pch */ = {isa = PBXFileReference; fileEncoding = 4; lastKnownFileType = sourcecode.c.h; path = "App-Prefix.pch"; sourceTree = "<group>"; };
		3C38FAEF1791592D003CC8C0 /* RoundData.h */ = {isa = PBXFileReference; fileEncoding = 4; lastKnownFileType = sourcecode.c.h; path = RoundData.h; sourceTree = "<group>"; };
		3C38FAF01791592D003CC8C0 /* RoundData.m */ = {isa = PBXFileReference; fileEncoding = 4; lastKnownFileType = sourcecode.c.objc; path = RoundData.m; sourceTree = "<group>"; };
		3C38FAF517921B71003CC8C0 /* Charset.h */ = {isa = PBXFileReference; fileEncoding = 4; lastKnownFileType = sourcecode.c.h; path = Charset.h; sourceTree = "<group>"; };
		3C38FAF617921B71003CC8C0 /* Charset.m */ = {isa = PBXFileReference; fileEncoding = 4; lastKnownFileType = sourcecode.c.objc; path = Charset.m; sourceTree = "<group>"; };
		3C4435EA179DF96700032623 /* background@2x.jpg */ = {isa = PBXFileReference; lastKnownFileType = image.jpeg; path = "background@2x.jpg"; sourceTree = "<group>"; };
		3C4435F0179E0F6A00032623 /* Default-568h@2x.png */ = {isa = PBXFileReference; lastKnownFileType = image.png; path = "Default-568h@2x.png"; sourceTree = "<group>"; };
		3C44360B17A2EE4C00032623 /* charsets.json */ = {isa = PBXFileReference; fileEncoding = 4; lastKnownFileType = text.json; path = charsets.json; sourceTree = "<group>"; };
		3C81532E179B8A450079EB06 /* blueButton@2x.png */ = {isa = PBXFileReference; lastKnownFileType = image.png; path = "blueButton@2x.png"; sourceTree = "<group>"; };
		3C81532F179B8A450079EB06 /* blueButtonHighlight@2x.png */ = {isa = PBXFileReference; lastKnownFileType = image.png; path = "blueButtonHighlight@2x.png"; sourceTree = "<group>"; };
		3C815332179B8A530079EB06 /* blueButton.png */ = {isa = PBXFileReference; lastKnownFileType = image.png; path = blueButton.png; sourceTree = "<group>"; };
		3C815333179B8A530079EB06 /* blueButtonHighlight.png */ = {isa = PBXFileReference; lastKnownFileType = image.png; path = blueButtonHighlight.png; sourceTree = "<group>"; };
		3C815337179CC9E30079EB06 /* SwipeScene.m */ = {isa = PBXFileReference; fileEncoding = 4; lastKnownFileType = sourcecode.c.objc; path = SwipeScene.m; sourceTree = "<group>"; };
		3C81533A179CC9FE0079EB06 /* SwipeScene.h */ = {isa = PBXFileReference; fileEncoding = 4; lastKnownFileType = sourcecode.c.h; path = SwipeScene.h; sourceTree = "<group>"; };
		3C815388179CD66F0079EB06 /* RaceReviewScene.h */ = {isa = PBXFileReference; fileEncoding = 4; lastKnownFileType = sourcecode.c.h; path = RaceReviewScene.h; sourceTree = "<group>"; };
		3C815389179CD66F0079EB06 /* RaceReviewScene.m */ = {isa = PBXFileReference; fileEncoding = 4; lastKnownFileType = sourcecode.c.objc; path = RaceReviewScene.m; sourceTree = "<group>"; };
		3C81538B179CF3930079EB06 /* Parse.framework */ = {isa = PBXFileReference; lastKnownFileType = wrapper.framework; name = Parse.framework; path = ../vendor/Parse.framework; sourceTree = "<group>"; };
		3C81538D179CF4110079EB06 /* CoreLocation.framework */ = {isa = PBXFileReference; lastKnownFileType = wrapper.framework; name = CoreLocation.framework; path = System/Library/Frameworks/CoreLocation.framework; sourceTree = SDKROOT; };
		3C81538F179CF41D0079EB06 /* libz.1.1.3.dylib */ = {isa = PBXFileReference; lastKnownFileType = "compiled.mach-o.dylib"; name = libz.1.1.3.dylib; path = usr/lib/libz.1.1.3.dylib; sourceTree = SDKROOT; };
		3C815391179CF43F0079EB06 /* StoreKit.framework */ = {isa = PBXFileReference; lastKnownFileType = wrapper.framework; name = StoreKit.framework; path = System/Library/Frameworks/StoreKit.framework; sourceTree = SDKROOT; };
		3C815393179CF8920079EB06 /* LoginViewController.h */ = {isa = PBXFileReference; fileEncoding = 4; lastKnownFileType = sourcecode.c.h; path = LoginViewController.h; sourceTree = "<group>"; };
		3C815394179CF8930079EB06 /* LoginViewController.m */ = {isa = PBXFileReference; fileEncoding = 4; lastKnownFileType = sourcecode.c.objc; path = LoginViewController.m; sourceTree = "<group>"; };
		3C815399179D27290079EB06 /* MBProgressHUD.h */ = {isa = PBXFileReference; fileEncoding = 4; lastKnownFileType = sourcecode.c.h; name = MBProgressHUD.h; path = ../vendor/MBProgressHUD/MBProgressHUD.h; sourceTree = "<group>"; };
		3C81539A179D27290079EB06 /* MBProgressHUD.m */ = {isa = PBXFileReference; fileEncoding = 4; lastKnownFileType = sourcecode.c.objc; name = MBProgressHUD.m; path = ../vendor/MBProgressHUD/MBProgressHUD.m; sourceTree = "<group>"; };
		3C81539D179D34EF0079EB06 /* NoticeScene.h */ = {isa = PBXFileReference; fileEncoding = 4; lastKnownFileType = sourcecode.c.h; path = NoticeScene.h; sourceTree = "<group>"; };
		3C81539E179D34F10079EB06 /* NoticeScene.m */ = {isa = PBXFileReference; fileEncoding = 4; lastKnownFileType = sourcecode.c.objc; path = NoticeScene.m; sourceTree = "<group>"; };
		3C89AB95178B572400874DC8 /* CFNetwork.framework */ = {isa = PBXFileReference; lastKnownFileType = wrapper.framework; name = CFNetwork.framework; path = System/Library/Frameworks/CFNetwork.framework; sourceTree = SDKROOT; };
		3C89AB97178B575100874DC8 /* MobileCoreServices.framework */ = {isa = PBXFileReference; lastKnownFileType = wrapper.framework; name = MobileCoreServices.framework; path = System/Library/Frameworks/MobileCoreServices.framework; sourceTree = SDKROOT; };
		3C89AB99178B576200874DC8 /* SystemConfiguration.framework */ = {isa = PBXFileReference; lastKnownFileType = wrapper.framework; name = SystemConfiguration.framework; path = System/Library/Frameworks/SystemConfiguration.framework; sourceTree = SDKROOT; };
		3CA096231787505D000B8A0E /* Canvas.h */ = {isa = PBXFileReference; fileEncoding = 4; lastKnownFileType = sourcecode.c.h; path = Canvas.h; sourceTree = "<group>"; };
		3CA096241787505D000B8A0E /* Canvas.m */ = {isa = PBXFileReference; fileEncoding = 4; lastKnownFileType = sourcecode.c.objc; path = Canvas.m; sourceTree = "<group>"; };
		3CA09626178778C4000B8A0E /* Scene.h */ = {isa = PBXFileReference; fileEncoding = 4; lastKnownFileType = sourcecode.c.h; path = Scene.h; sourceTree = "<group>"; };
		3CA09627178778C4000B8A0E /* Scene.m */ = {isa = PBXFileReference; fileEncoding = 4; lastKnownFileType = sourcecode.c.objc; path = Scene.m; sourceTree = "<group>"; };
		3CA0962C17878524000B8A0E /* MenuScene.h */ = {isa = PBXFileReference; fileEncoding = 4; lastKnownFileType = sourcecode.c.h; path = MenuScene.h; sourceTree = "<group>"; };
		3CA0962D17878525000B8A0E /* MenuScene.m */ = {isa = PBXFileReference; fileEncoding = 4; lastKnownFileType = sourcecode.c.objc; path = MenuScene.m; sourceTree = "<group>"; };
		3CA0962F1787853F000B8A0E /* RaceScene.h */ = {isa = PBXFileReference; fileEncoding = 4; lastKnownFileType = sourcecode.c.h; path = RaceScene.h; sourceTree = "<group>"; };
		3CA096301787853F000B8A0E /* RaceScene.m */ = {isa = PBXFileReference; fileEncoding = 4; lastKnownFileType = sourcecode.c.objc; path = RaceScene.m; sourceTree = "<group>"; };
		3CA09632178788FE000B8A0E /* button_big.png */ = {isa = PBXFileReference; lastKnownFileType = image.png; path = button_big.png; sourceTree = "<group>"; };
		3CA096341787890F000B8A0E /* button_big@2x.png */ = {isa = PBXFileReference; lastKnownFileType = image.png; path = "button_big@2x.png"; sourceTree = "<group>"; };
		3CA09637178B526B000B8A0E /* BFClassifier.h */ = {isa = PBXFileReference; lastKnownFileType = sourcecode.c.h; path = BFClassifier.h; sourceTree = "<group>"; };
		3CA09638178B526B000B8A0E /* BFClassifier.m */ = {isa = PBXFileReference; lastKnownFileType = sourcecode.c.objc; path = BFClassifier.m; sourceTree = "<group>"; };
		3CA09639178B52A6000B8A0E /* JCSuperPriorityQueue.h */ = {isa = PBXFileReference; fileEncoding = 4; lastKnownFileType = sourcecode.c.h; path = JCSuperPriorityQueue.h; sourceTree = "<group>"; };
		3CA0963A178B52A6000B8A0E /* JCSuperPriorityQueue.mm */ = {isa = PBXFileReference; fileEncoding = 4; lastKnownFileType = sourcecode.cpp.objcpp; path = JCSuperPriorityQueue.mm; sourceTree = "<group>"; };
		3CA0963D178B52F0000B8A0E /* InkPoint.h */ = {isa = PBXFileReference; fileEncoding = 4; lastKnownFileType = sourcecode.c.h; path = InkPoint.h; sourceTree = "<group>"; };
		3CA0963E178B52F0000B8A0E /* InkPoint.m */ = {isa = PBXFileReference; fileEncoding = 4; lastKnownFileType = sourcecode.c.objc; path = InkPoint.m; sourceTree = "<group>"; };
		3CA09641178B52F0000B8A0E /* InkCharacter.h */ = {isa = PBXFileReference; fileEncoding = 4; lastKnownFileType = sourcecode.c.h; path = InkCharacter.h; sourceTree = "<group>"; };
		3CA09642178B52F0000B8A0E /* InkCharacter.m */ = {isa = PBXFileReference; fileEncoding = 4; lastKnownFileType = sourcecode.c.objc; path = InkCharacter.m; sourceTree = "<group>"; };
		3CA09647178B52F0000B8A0E /* ClassificationResult.h */ = {isa = PBXFileReference; fileEncoding = 4; lastKnownFileType = sourcecode.c.h; path = ClassificationResult.h; sourceTree = "<group>"; };
		3CA09648178B52F0000B8A0E /* ClassificationResult.m */ = {isa = PBXFileReference; fileEncoding = 4; lastKnownFileType = sourcecode.c.objc; path = ClassificationResult.m; sourceTree = "<group>"; };
		3CA09649178B52F0000B8A0E /* SessionData.h */ = {isa = PBXFileReference; fileEncoding = 4; lastKnownFileType = sourcecode.c.h; path = SessionData.h; sourceTree = "<group>"; };
		3CA0964A178B52F0000B8A0E /* SessionData.m */ = {isa = PBXFileReference; fileEncoding = 4; lastKnownFileType = sourcecode.c.objc; path = SessionData.m; sourceTree = "<group>"; };
		3CA0964B178B52F0000B8A0E /* UserData.h */ = {isa = PBXFileReference; fileEncoding = 4; lastKnownFileType = sourcecode.c.h; path = UserData.h; sourceTree = "<group>"; };
		3CA0964C178B52F0000B8A0E /* UserData.m */ = {isa = PBXFileReference; fileEncoding = 4; lastKnownFileType = sourcecode.c.objc; path = UserData.m; sourceTree = "<group>"; };
		3CA0964D178B52F0000B8A0E /* GlobalStorage.h */ = {isa = PBXFileReference; fileEncoding = 4; lastKnownFileType = sourcecode.c.h; path = GlobalStorage.h; sourceTree = "<group>"; };
		3CA0964E178B52F0000B8A0E /* GlobalStorage.m */ = {isa = PBXFileReference; fileEncoding = 4; lastKnownFileType = sourcecode.c.objc; path = GlobalStorage.m; sourceTree = "<group>"; };
		3CA09658178B5361000B8A0E /* ServerManager.h */ = {isa = PBXFileReference; fileEncoding = 4; lastKnownFileType = sourcecode.c.h; path = ServerManager.h; sourceTree = "<group>"; };
		3CA09659178B5361000B8A0E /* ServerManager.m */ = {isa = PBXFileReference; fileEncoding = 4; lastKnownFileType = sourcecode.c.objc; path = ServerManager.m; sourceTree = "<group>"; };
		3CD25FBE179904DB007DDB75 /* 0.caf */ = {isa = PBXFileReference; lastKnownFileType = file; path = 0.caf; sourceTree = "<group>"; };
		3CD25FBF179904DB007DDB75 /* 1.caf */ = {isa = PBXFileReference; lastKnownFileType = file; path = 1.caf; sourceTree = "<group>"; };
		3CD25FC0179904DB007DDB75 /* 2.caf */ = {isa = PBXFileReference; lastKnownFileType = file; path = 2.caf; sourceTree = "<group>"; };
		3CD25FC1179904DB007DDB75 /* 3.caf */ = {isa = PBXFileReference; lastKnownFileType = file; path = 3.caf; sourceTree = "<group>"; };
		3CD25FC2179904DB007DDB75 /* 4.caf */ = {isa = PBXFileReference; lastKnownFileType = file; path = 4.caf; sourceTree = "<group>"; };
		3CD25FC3179904DB007DDB75 /* 5.caf */ = {isa = PBXFileReference; lastKnownFileType = file; path = 5.caf; sourceTree = "<group>"; };
		3CD25FC4179904DB007DDB75 /* 6.caf */ = {isa = PBXFileReference; lastKnownFileType = file; path = 6.caf; sourceTree = "<group>"; };
		3CD25FC5179904DB007DDB75 /* 7.caf */ = {isa = PBXFileReference; lastKnownFileType = file; path = 7.caf; sourceTree = "<group>"; };
		3CD25FC6179904DB007DDB75 /* 8.caf */ = {isa = PBXFileReference; lastKnownFileType = file; path = 8.caf; sourceTree = "<group>"; };
		3CD25FC7179904DB007DDB75 /* 9.caf */ = {isa = PBXFileReference; lastKnownFileType = file; path = 9.caf; sourceTree = "<group>"; };
		3CD25FC8179904DB007DDB75 /* a.caf */ = {isa = PBXFileReference; lastKnownFileType = file; path = a.caf; sourceTree = "<group>"; };
		3CD25FC9179904DB007DDB75 /* alef.caf */ = {isa = PBXFileReference; lastKnownFileType = file; path = alef.caf; sourceTree = "<group>"; };
		3CD25FCA179904DB007DDB75 /* ayin.caf */ = {isa = PBXFileReference; lastKnownFileType = file; path = ayin.caf; sourceTree = "<group>"; };
		3CD25FCB179904DB007DDB75 /* b.caf */ = {isa = PBXFileReference; lastKnownFileType = file; path = b.caf; sourceTree = "<group>"; };
		3CD25FCC179904DB007DDB75 /* bet.caf */ = {isa = PBXFileReference; lastKnownFileType = file; path = bet.caf; sourceTree = "<group>"; };
		3CD25FCD179904DB007DDB75 /* c.caf */ = {isa = PBXFileReference; lastKnownFileType = file; path = c.caf; sourceTree = "<group>"; };
		3CD25FCE179904DB007DDB75 /* d.caf */ = {isa = PBXFileReference; lastKnownFileType = file; path = d.caf; sourceTree = "<group>"; };
		3CD25FCF179904DB007DDB75 /* dalet.caf */ = {isa = PBXFileReference; lastKnownFileType = file; path = dalet.caf; sourceTree = "<group>"; };
		3CD25FD0179904DB007DDB75 /* e.caf */ = {isa = PBXFileReference; lastKnownFileType = file; path = e.caf; sourceTree = "<group>"; };
		3CD25FD1179904DB007DDB75 /* f.caf */ = {isa = PBXFileReference; lastKnownFileType = file; path = f.caf; sourceTree = "<group>"; };
		3CD25FD2179904DB007DDB75 /* g.caf */ = {isa = PBXFileReference; lastKnownFileType = file; path = g.caf; sourceTree = "<group>"; };
		3CD25FD3179904DB007DDB75 /* gimel.caf */ = {isa = PBXFileReference; lastKnownFileType = file; path = gimel.caf; sourceTree = "<group>"; };
		3CD25FD4179904DB007DDB75 /* h.caf */ = {isa = PBXFileReference; lastKnownFileType = file; path = h.caf; sourceTree = "<group>"; };
		3CD25FD5179904DB007DDB75 /* he.caf */ = {isa = PBXFileReference; lastKnownFileType = file; path = he.caf; sourceTree = "<group>"; };
		3CD25FD6179904DB007DDB75 /* het.caf */ = {isa = PBXFileReference; lastKnownFileType = file; path = het.caf; sourceTree = "<group>"; };
		3CD25FD7179904DB007DDB75 /* i.caf */ = {isa = PBXFileReference; lastKnownFileType = file; path = i.caf; sourceTree = "<group>"; };
		3CD25FD8179904DB007DDB75 /* j.caf */ = {isa = PBXFileReference; lastKnownFileType = file; path = j.caf; sourceTree = "<group>"; };
		3CD25FD9179904DB007DDB75 /* k.caf */ = {isa = PBXFileReference; lastKnownFileType = file; path = k.caf; sourceTree = "<group>"; };
		3CD25FDA179904DB007DDB75 /* kaf_final.caf */ = {isa = PBXFileReference; lastKnownFileType = file; path = kaf_final.caf; sourceTree = "<group>"; };
		3CD25FDB179904DB007DDB75 /* kaf.caf */ = {isa = PBXFileReference; lastKnownFileType = file; path = kaf.caf; sourceTree = "<group>"; };
		3CD25FDC179904DB007DDB75 /* l.caf */ = {isa = PBXFileReference; lastKnownFileType = file; path = l.caf; sourceTree = "<group>"; };
		3CD25FDD179904DB007DDB75 /* lamed.caf */ = {isa = PBXFileReference; lastKnownFileType = file; path = lamed.caf; sourceTree = "<group>"; };
		3CD25FDE179904DB007DDB75 /* m.caf */ = {isa = PBXFileReference; lastKnownFileType = file; path = m.caf; sourceTree = "<group>"; };
		3CD25FDF179904DB007DDB75 /* mem_final.caf */ = {isa = PBXFileReference; lastKnownFileType = file; path = mem_final.caf; sourceTree = "<group>"; };
		3CD25FE0179904DB007DDB75 /* mem.caf */ = {isa = PBXFileReference; lastKnownFileType = file; path = mem.caf; sourceTree = "<group>"; };
		3CD25FE1179904DB007DDB75 /* n.caf */ = {isa = PBXFileReference; lastKnownFileType = file; path = n.caf; sourceTree = "<group>"; };
		3CD25FE2179904DB007DDB75 /* nun_final.caf */ = {isa = PBXFileReference; lastKnownFileType = file; path = nun_final.caf; sourceTree = "<group>"; };
		3CD25FE3179904DB007DDB75 /* nun.caf */ = {isa = PBXFileReference; lastKnownFileType = file; path = nun.caf; sourceTree = "<group>"; };
		3CD25FE4179904DB007DDB75 /* o.caf */ = {isa = PBXFileReference; lastKnownFileType = file; path = o.caf; sourceTree = "<group>"; };
		3CD25FE5179904DB007DDB75 /* p.caf */ = {isa = PBXFileReference; lastKnownFileType = file; path = p.caf; sourceTree = "<group>"; };
		3CD25FE6179904DB007DDB75 /* pe_final.caf */ = {isa = PBXFileReference; lastKnownFileType = file; path = pe_final.caf; sourceTree = "<group>"; };
		3CD25FE7179904DB007DDB75 /* pe.caf */ = {isa = PBXFileReference; lastKnownFileType = file; path = pe.caf; sourceTree = "<group>"; };
		3CD25FE8179904DB007DDB75 /* q.caf */ = {isa = PBXFileReference; lastKnownFileType = file; path = q.caf; sourceTree = "<group>"; };
		3CD25FE9179904DB007DDB75 /* qof.caf */ = {isa = PBXFileReference; lastKnownFileType = file; path = qof.caf; sourceTree = "<group>"; };
		3CD25FEA179904DB007DDB75 /* r.caf */ = {isa = PBXFileReference; lastKnownFileType = file; path = r.caf; sourceTree = "<group>"; };
		3CD25FEB179904DB007DDB75 /* resh.caf */ = {isa = PBXFileReference; lastKnownFileType = file; path = resh.caf; sourceTree = "<group>"; };
		3CD25FEC179904DB007DDB75 /* s.caf */ = {isa = PBXFileReference; lastKnownFileType = file; path = s.caf; sourceTree = "<group>"; };
		3CD25FED179904DB007DDB75 /* samekh.caf */ = {isa = PBXFileReference; lastKnownFileType = file; path = samekh.caf; sourceTree = "<group>"; };
		3CD25FEE179904DB007DDB75 /* shin.caf */ = {isa = PBXFileReference; lastKnownFileType = file; path = shin.caf; sourceTree = "<group>"; };
		3CD25FEF179904DB007DDB75 /* t.caf */ = {isa = PBXFileReference; lastKnownFileType = file; path = t.caf; sourceTree = "<group>"; };
		3CD25FF0179904DB007DDB75 /* tav.caf */ = {isa = PBXFileReference; lastKnownFileType = file; path = tav.caf; sourceTree = "<group>"; };
		3CD25FF1179904DB007DDB75 /* tet.caf */ = {isa = PBXFileReference; lastKnownFileType = file; path = tet.caf; sourceTree = "<group>"; };
		3CD25FF2179904DB007DDB75 /* tsadi_final.caf */ = {isa = PBXFileReference; lastKnownFileType = file; path = tsadi_final.caf; sourceTree = "<group>"; };
		3CD25FF3179904DB007DDB75 /* tsadi.caf */ = {isa = PBXFileReference; lastKnownFileType = file; path = tsadi.caf; sourceTree = "<group>"; };
		3CD25FF4179904DB007DDB75 /* u.caf */ = {isa = PBXFileReference; lastKnownFileType = file; path = u.caf; sourceTree = "<group>"; };
		3CD25FF5179904DB007DDB75 /* v.caf */ = {isa = PBXFileReference; lastKnownFileType = file; path = v.caf; sourceTree = "<group>"; };
		3CD25FF6179904DB007DDB75 /* vav.caf */ = {isa = PBXFileReference; lastKnownFileType = file; path = vav.caf; sourceTree = "<group>"; };
		3CD25FF7179904DB007DDB75 /* w.caf */ = {isa = PBXFileReference; lastKnownFileType = file; path = w.caf; sourceTree = "<group>"; };
		3CD25FF8179904DB007DDB75 /* WhoopFlp.caf */ = {isa = PBXFileReference; lastKnownFileType = file; path = WhoopFlp.caf; sourceTree = "<group>"; };
		3CD25FF9179904DB007DDB75 /* x.caf */ = {isa = PBXFileReference; lastKnownFileType = file; path = x.caf; sourceTree = "<group>"; };
		3CD25FFA179904DB007DDB75 /* y.caf */ = {isa = PBXFileReference; lastKnownFileType = file; path = y.caf; sourceTree = "<group>"; };
		3CD25FFB179904DB007DDB75 /* yod.caf */ = {isa = PBXFileReference; lastKnownFileType = file; path = yod.caf; sourceTree = "<group>"; };
		3CD25FFC179904DB007DDB75 /* z.caf */ = {isa = PBXFileReference; lastKnownFileType = file; path = z.caf; sourceTree = "<group>"; };
		3CD25FFD179904DB007DDB75 /* zayin.caf */ = {isa = PBXFileReference; lastKnownFileType = file; path = zayin.caf; sourceTree = "<group>"; };
		3CD2603E17994298007DDB75 /* RaceSummaryScene.h */ = {isa = PBXFileReference; fileEncoding = 4; lastKnownFileType = sourcecode.c.h; path = RaceSummaryScene.h; sourceTree = "<group>"; };
		3CD2603F17994298007DDB75 /* RaceSummaryScene.m */ = {isa = PBXFileReference; fileEncoding = 4; lastKnownFileType = sourcecode.c.objc; path = RaceSummaryScene.m; sourceTree = "<group>"; };
		3CD260421799DA09007DDB75 /* EditCustomScene.h */ = {isa = PBXFileReference; fileEncoding = 4; lastKnownFileType = sourcecode.c.h; path = EditCustomScene.h; sourceTree = "<group>"; };
		3CD260431799DA0B007DDB75 /* EditCustomScene.m */ = {isa = PBXFileReference; fileEncoding = 4; lastKnownFileType = sourcecode.c.objc; path = EditCustomScene.m; sourceTree = "<group>"; };
		3CE1B17D178BED370041D1BF /* DING.caf */ = {isa = PBXFileReference; lastKnownFileType = file; path = DING.caf; sourceTree = "<group>"; };
		3CE1B17F178BF1ED0041D1BF /* _Default-568h@2x.png */ = {isa = PBXFileReference; lastKnownFileType = image.png; path = "_Default-568h@2x.png"; sourceTree = "<group>"; };
		3CE1B182178C03CB0041D1BF /* briefcase-lock-2.caf */ = {isa = PBXFileReference; lastKnownFileType = file; path = "briefcase-lock-2.caf"; sourceTree = "<group>"; };
		3CE1B1871790AA320041D1BF /* BFPrototype.h */ = {isa = PBXFileReference; fileEncoding = 4; lastKnownFileType = sourcecode.c.h; path = BFPrototype.h; sourceTree = "<group>"; };
		3CE1B1881790AA320041D1BF /* BFPrototype.m */ = {isa = PBXFileReference; fileEncoding = 4; lastKnownFileType = sourcecode.c.objc; path = BFPrototype.m; sourceTree = "<group>"; };
		3CE1B18B1790EB2D0041D1BF /* BFClassifierTest.h */ = {isa = PBXFileReference; fileEncoding = 4; lastKnownFileType = sourcecode.c.h; path = BFClassifierTest.h; sourceTree = "<group>"; };
		3CE1B1BA1790ED1E0041D1BF /* BFClassifierTest.m */ = {isa = PBXFileReference; lastKnownFileType = sourcecode.c.objc; path = BFClassifierTest.m; sourceTree = "<group>"; };
		3CE1B1BF1790EE170041D1BF /* ASIAuthenticationDialog.h */ = {isa = PBXFileReference; fileEncoding = 4; lastKnownFileType = sourcecode.c.h; path = ASIAuthenticationDialog.h; sourceTree = "<group>"; };
		3CE1B1C01790EE170041D1BF /* ASIAuthenticationDialog.m */ = {isa = PBXFileReference; fileEncoding = 4; lastKnownFileType = sourcecode.c.objc; path = ASIAuthenticationDialog.m; sourceTree = "<group>"; };
		3CE1B1C11790EE170041D1BF /* ASICacheDelegate.h */ = {isa = PBXFileReference; fileEncoding = 4; lastKnownFileType = sourcecode.c.h; path = ASICacheDelegate.h; sourceTree = "<group>"; };
		3CE1B1C21790EE170041D1BF /* ASIDataCompressor.h */ = {isa = PBXFileReference; fileEncoding = 4; lastKnownFileType = sourcecode.c.h; path = ASIDataCompressor.h; sourceTree = "<group>"; };
		3CE1B1C31790EE170041D1BF /* ASIDataCompressor.m */ = {isa = PBXFileReference; fileEncoding = 4; lastKnownFileType = sourcecode.c.objc; path = ASIDataCompressor.m; sourceTree = "<group>"; };
		3CE1B1C41790EE170041D1BF /* ASIDataDecompressor.h */ = {isa = PBXFileReference; fileEncoding = 4; lastKnownFileType = sourcecode.c.h; path = ASIDataDecompressor.h; sourceTree = "<group>"; };
		3CE1B1C51790EE170041D1BF /* ASIDataDecompressor.m */ = {isa = PBXFileReference; fileEncoding = 4; lastKnownFileType = sourcecode.c.objc; path = ASIDataDecompressor.m; sourceTree = "<group>"; };
		3CE1B1C61790EE170041D1BF /* ASIDownloadCache.h */ = {isa = PBXFileReference; fileEncoding = 4; lastKnownFileType = sourcecode.c.h; path = ASIDownloadCache.h; sourceTree = "<group>"; };
		3CE1B1C71790EE170041D1BF /* ASIDownloadCache.m */ = {isa = PBXFileReference; fileEncoding = 4; lastKnownFileType = sourcecode.c.objc; path = ASIDownloadCache.m; sourceTree = "<group>"; };
		3CE1B1C81790EE170041D1BF /* ASIFormDataRequest.h */ = {isa = PBXFileReference; fileEncoding = 4; lastKnownFileType = sourcecode.c.h; path = ASIFormDataRequest.h; sourceTree = "<group>"; };
		3CE1B1C91790EE170041D1BF /* ASIFormDataRequest.m */ = {isa = PBXFileReference; fileEncoding = 4; lastKnownFileType = sourcecode.c.objc; path = ASIFormDataRequest.m; sourceTree = "<group>"; };
		3CE1B1CA1790EE170041D1BF /* ASIHTTPRequest.h */ = {isa = PBXFileReference; fileEncoding = 4; lastKnownFileType = sourcecode.c.h; path = ASIHTTPRequest.h; sourceTree = "<group>"; };
		3CE1B1CB1790EE170041D1BF /* ASIHTTPRequest.m */ = {isa = PBXFileReference; fileEncoding = 4; lastKnownFileType = sourcecode.c.objc; path = ASIHTTPRequest.m; sourceTree = "<group>"; };
		3CE1B1CC1790EE170041D1BF /* ASIHTTPRequestConfig.h */ = {isa = PBXFileReference; fileEncoding = 4; lastKnownFileType = sourcecode.c.h; path = ASIHTTPRequestConfig.h; sourceTree = "<group>"; };
		3CE1B1CD1790EE170041D1BF /* ASIHTTPRequestDelegate.h */ = {isa = PBXFileReference; fileEncoding = 4; lastKnownFileType = sourcecode.c.h; path = ASIHTTPRequestDelegate.h; sourceTree = "<group>"; };
		3CE1B1CE1790EE170041D1BF /* ASIInputStream.h */ = {isa = PBXFileReference; fileEncoding = 4; lastKnownFileType = sourcecode.c.h; path = ASIInputStream.h; sourceTree = "<group>"; };
		3CE1B1CF1790EE170041D1BF /* ASIInputStream.m */ = {isa = PBXFileReference; fileEncoding = 4; lastKnownFileType = sourcecode.c.objc; path = ASIInputStream.m; sourceTree = "<group>"; };
		3CE1B1D01790EE170041D1BF /* ASINetworkQueue.h */ = {isa = PBXFileReference; fileEncoding = 4; lastKnownFileType = sourcecode.c.h; path = ASINetworkQueue.h; sourceTree = "<group>"; };
		3CE1B1D11790EE170041D1BF /* ASINetworkQueue.m */ = {isa = PBXFileReference; fileEncoding = 4; lastKnownFileType = sourcecode.c.objc; path = ASINetworkQueue.m; sourceTree = "<group>"; };
		3CE1B1D21790EE170041D1BF /* ASIProgressDelegate.h */ = {isa = PBXFileReference; fileEncoding = 4; lastKnownFileType = sourcecode.c.h; path = ASIProgressDelegate.h; sourceTree = "<group>"; };
		3CE1B1D31790EE170041D1BF /* Reachability.h */ = {isa = PBXFileReference; fileEncoding = 4; lastKnownFileType = sourcecode.c.h; path = Reachability.h; sourceTree = "<group>"; };
		3CE1B1D41790EE170041D1BF /* Reachability.m */ = {isa = PBXFileReference; fileEncoding = 4; lastKnownFileType = sourcecode.c.objc; path = Reachability.m; sourceTree = "<group>"; };
		3CE1B1E41790EF320041D1BF /* SenTestingKit.framework */ = {isa = PBXFileReference; lastKnownFileType = wrapper.framework; name = SenTestingKit.framework; path = Library/Frameworks/SenTestingKit.framework; sourceTree = DEVELOPER_DIR; };
		3CE1B1FA1790F0220041D1BF /* UnitTests.octest */ = {isa = PBXFileReference; explicitFileType = wrapper.cfbundle; includeInIndex = 0; path = UnitTests.octest; sourceTree = BUILT_PRODUCTS_DIR; };
		3CE1B2001790F0230041D1BF /* UnitTests-Info.plist */ = {isa = PBXFileReference; lastKnownFileType = text.plist.xml; path = "UnitTests-Info.plist"; sourceTree = "<group>"; };
		3CE1B2021790F0230041D1BF /* en */ = {isa = PBXFileReference; lastKnownFileType = text.plist.strings; name = en; path = en.lproj/InfoPlist.strings; sourceTree = "<group>"; };
		3CE1B2041790F0230041D1BF /* JCSuperPriorityQueueTest.h */ = {isa = PBXFileReference; lastKnownFileType = sourcecode.c.h; path = JCSuperPriorityQueueTest.h; sourceTree = "<group>"; };
		3CE1B2051790F0230041D1BF /* JCSuperPriorityQueueTest.m */ = {isa = PBXFileReference; lastKnownFileType = sourcecode.c.objc; path = JCSuperPriorityQueueTest.m; sourceTree = "<group>"; };
		3CE1B2071790F0230041D1BF /* UnitTests-Prefix.pch */ = {isa = PBXFileReference; lastKnownFileType = sourcecode.c.h; path = "UnitTests-Prefix.pch"; sourceTree = "<group>"; };
		3CE29DC91793FF3200769A23 /* FacebookSDKResources.bundle */ = {isa = PBXFileReference; lastKnownFileType = "wrapper.plug-in"; name = FacebookSDKResources.bundle; path = build/FacebookSDK.framework/Versions/A/Resources/FacebookSDKResources.bundle; sourceTree = FACEBOOK_SRC; };
		3CE29DCA1793FF3200769A23 /* FacebookSDK.framework */ = {isa = PBXFileReference; lastKnownFileType = wrapper.framework; name = FacebookSDK.framework; path = build/FacebookSDK.framework; sourceTree = FACEBOOK_SRC; };
		3CE29DCF1794003F00769A23 /* AdSupport.framework */ = {isa = PBXFileReference; lastKnownFileType = wrapper.framework; name = AdSupport.framework; path = System/Library/Frameworks/AdSupport.framework; sourceTree = SDKROOT; };
		3CE29DD11794004C00769A23 /* Accounts.framework */ = {isa = PBXFileReference; lastKnownFileType = wrapper.framework; name = Accounts.framework; path = System/Library/Frameworks/Accounts.framework; sourceTree = SDKROOT; };
		3CE29DD31794006200769A23 /* libsqlite3.dylib */ = {isa = PBXFileReference; lastKnownFileType = "compiled.mach-o.dylib"; name = libsqlite3.dylib; path = usr/lib/libsqlite3.dylib; sourceTree = SDKROOT; };
		3CE29DD51794006C00769A23 /* Security.framework */ = {isa = PBXFileReference; lastKnownFileType = wrapper.framework; name = Security.framework; path = System/Library/Frameworks/Security.framework; sourceTree = SDKROOT; };
		3CE29DD71794007300769A23 /* Social.framework */ = {isa = PBXFileReference; lastKnownFileType = wrapper.framework; name = Social.framework; path = System/Library/Frameworks/Social.framework; sourceTree = SDKROOT; };
		3CE29DD917943A5500769A23 /* AccountManager.h */ = {isa = PBXFileReference; fileEncoding = 4; lastKnownFileType = sourcecode.c.h; path = AccountManager.h; sourceTree = "<group>"; };
		3CE29DDA17943A5500769A23 /* AccountManager.m */ = {isa = PBXFileReference; fileEncoding = 4; lastKnownFileType = sourcecode.c.objc; path = AccountManager.m; sourceTree = "<group>"; };
		3CE29DDC1794BCBD00769A23 /* URJSONSerializable.h */ = {isa = PBXFileReference; fileEncoding = 4; lastKnownFileType = sourcecode.c.h; path = URJSONSerializable.h; sourceTree = "<group>"; };
		8D1107310486CEB800E47090 /* App-Info.plist */ = {isa = PBXFileReference; fileEncoding = 4; lastKnownFileType = text.plist.xml; path = "App-Info.plist"; plistStructureDefinitionIdentifier = "com.apple.xcode.plist.structure-definition.iphone.info-plist"; sourceTree = "<group>"; };
		DE0C71061624178400357F6E /* Default-Portrait~ipad.png */ = {isa = PBXFileReference; lastKnownFileType = image.png; path = "Default-Portrait~ipad.png"; sourceTree = "<group>"; };
		DE0C71081624179300357F6E /* Default-Landscape~ipad.png */ = {isa = PBXFileReference; lastKnownFileType = image.png; path = "Default-Landscape~ipad.png"; sourceTree = "<group>"; };
		DE0C710A162417A600357F6E /* Icon.png */ = {isa = PBXFileReference; lastKnownFileType = image.png; path = Icon.png; sourceTree = "<group>"; };
		DE0C710C162417AC00357F6E /* Icon~ipad.png */ = {isa = PBXFileReference; lastKnownFileType = image.png; path = "Icon~ipad.png"; sourceTree = "<group>"; };
		DE0C710E162417B400357F6E /* Icon@2x.png */ = {isa = PBXFileReference; lastKnownFileType = image.png; path = "Icon@2x.png"; sourceTree = "<group>"; };
		DE0C7110162417B800357F6E /* Icon@2x~ipad.png */ = {isa = PBXFileReference; lastKnownFileType = image.png; path = "Icon@2x~ipad.png"; sourceTree = "<group>"; };
		DE115960162320F100A25086 /* background.jpg */ = {isa = PBXFileReference; lastKnownFileType = image.jpeg; path = background.jpg; sourceTree = "<group>"; };
		DE115962162320F800A25086 /* _background@2x.jpg */ = {isa = PBXFileReference; lastKnownFileType = image.jpeg; path = "_background@2x.jpg"; sourceTree = "<group>"; };
		DE3F093711B7B9DC009D4DB0 /* AVFoundation.framework */ = {isa = PBXFileReference; lastKnownFileType = wrapper.framework; name = AVFoundation.framework; path = System/Library/Frameworks/AVFoundation.framework; sourceTree = SDKROOT; };
		DE3F093911B7B9DC009D4DB0 /* AudioToolbox.framework */ = {isa = PBXFileReference; lastKnownFileType = wrapper.framework; name = AudioToolbox.framework; path = System/Library/Frameworks/AudioToolbox.framework; sourceTree = SDKROOT; };
		DE3F097711B7BABD009D4DB0 /* OpenAL.framework */ = {isa = PBXFileReference; lastKnownFileType = wrapper.framework; name = OpenAL.framework; path = System/Library/Frameworks/OpenAL.framework; sourceTree = SDKROOT; };
		DE4A3D7910FFB08200FDA492 /* OpenGLES.framework */ = {isa = PBXFileReference; lastKnownFileType = wrapper.framework; name = OpenGLES.framework; path = System/Library/Frameworks/OpenGLES.framework; sourceTree = SDKROOT; };
		DE4A3D7E10FFB08B00FDA492 /* QuartzCore.framework */ = {isa = PBXFileReference; lastKnownFileType = wrapper.framework; name = QuartzCore.framework; path = System/Library/Frameworks/QuartzCore.framework; sourceTree = SDKROOT; };
		DE4A3DA210FFB0D400FDA492 /* Sparrow.xcodeproj */ = {isa = PBXFileReference; lastKnownFileType = "wrapper.pb-project"; path = Sparrow.xcodeproj; sourceTree = SPARROW_SRC; };
		DE4A3DE310FFB2AF00FDA492 /* Game.h */ = {isa = PBXFileReference; fileEncoding = 4; lastKnownFileType = sourcecode.c.h; path = Game.h; sourceTree = "<group>"; };
		DE4A3DE410FFB2AF00FDA492 /* Game.m */ = {isa = PBXFileReference; fileEncoding = 4; lastKnownFileType = sourcecode.c.objc; path = Game.m; sourceTree = "<group>"; };
		DE4F80D414E153E600655D44 /* Media.h */ = {isa = PBXFileReference; fileEncoding = 4; lastKnownFileType = sourcecode.c.h; path = Media.h; sourceTree = "<group>"; };
		DE4F80D514E153E600655D44 /* Media.m */ = {isa = PBXFileReference; fileEncoding = 4; lastKnownFileType = sourcecode.c.objc; path = Media.m; sourceTree = "<group>"; };
		DE4F80DB14E1541400655D44 /* sound.caf */ = {isa = PBXFileReference; lastKnownFileType = file; path = sound.caf; sourceTree = "<group>"; };
		DE4F80DE14E1541400655D44 /* atlas.png */ = {isa = PBXFileReference; lastKnownFileType = image.png; path = atlas.png; sourceTree = "<group>"; };
		DE4F80DF14E1541400655D44 /* atlas.xml */ = {isa = PBXFileReference; fileEncoding = 4; lastKnownFileType = text.xml; path = atlas.xml; sourceTree = "<group>"; };
		DE4F80E314E1541400655D44 /* atlas@2x.png */ = {isa = PBXFileReference; lastKnownFileType = image.png; path = "atlas@2x.png"; sourceTree = "<group>"; };
		DE4F80E414E1541400655D44 /* atlas@2x.xml */ = {isa = PBXFileReference; fileEncoding = 4; lastKnownFileType = text.xml; path = "atlas@2x.xml"; sourceTree = "<group>"; };
		DE5C4E6D138ED109004892CA /* libz.dylib */ = {isa = PBXFileReference; lastKnownFileType = "compiled.mach-o.dylib"; name = libz.dylib; path = usr/lib/libz.dylib; sourceTree = SDKROOT; };
		DEAAF3DE16BC114D004EB9D5 /* GLKit.framework */ = {isa = PBXFileReference; lastKnownFileType = wrapper.framework; name = GLKit.framework; path = System/Library/Frameworks/GLKit.framework; sourceTree = SDKROOT; };
/* End PBXFileReference section */

/* Begin PBXFrameworksBuildPhase section */
		1D60588F0D05DD3D006BFB54 /* Frameworks */ = {
			isa = PBXFrameworksBuildPhase;
			buildActionMask = 2147483647;
			files = (
				3C4435E5179D56BF00032623 /* Parse.framework in Frameworks */,
				3CE29DD21794004C00769A23 /* Accounts.framework in Frameworks */,
				3CE29DD01794003F00769A23 /* AdSupport.framework in Frameworks */,
				DE3F093811B7B9DC009D4DB0 /* AVFoundation.framework in Frameworks */,
				DE3F093A11B7B9DC009D4DB0 /* AudioToolbox.framework in Frameworks */,
				3CE29DD61794006C00769A23 /* Security.framework in Frameworks */,
				3C89AB9A178B576200874DC8 /* SystemConfiguration.framework in Frameworks */,
				3C815392179CF43F0079EB06 /* StoreKit.framework in Frameworks */,
				3C89AB98178B575100874DC8 /* MobileCoreServices.framework in Frameworks */,
				3C81538E179CF4110079EB06 /* CoreLocation.framework in Frameworks */,
				3CE29DD81794007300769A23 /* Social.framework in Frameworks */,
				DE5C4E6E138ED109004892CA /* libz.dylib in Frameworks */,
				3C815390179CF41D0079EB06 /* libz.1.1.3.dylib in Frameworks */,
				3CE29DD41794006200769A23 /* libsqlite3.dylib in Frameworks */,
				3C89AB96178B572400874DC8 /* CFNetwork.framework in Frameworks */,
				DEAAF3DF16BC114D004EB9D5 /* GLKit.framework in Frameworks */,
				1D60589F0D05DD5A006BFB54 /* Foundation.framework in Frameworks */,
				1DF5F4E00D08C38300B7A737 /* UIKit.framework in Frameworks */,
				288765FD0DF74451002DB57D /* CoreGraphics.framework in Frameworks */,
				DE4A3D7A10FFB08200FDA492 /* OpenGLES.framework in Frameworks */,
				DE4A3D7F10FFB08B00FDA492 /* QuartzCore.framework in Frameworks */,
				DE3F097811B7BABD009D4DB0 /* OpenAL.framework in Frameworks */,
				DE4A3DB910FFB0FE00FDA492 /* libSparrow.a in Frameworks */,
				3CE29DCC1793FF3200769A23 /* FacebookSDK.framework in Frameworks */,
			);
			runOnlyForDeploymentPostprocessing = 0;
		};
		3CE1B1F61790F0220041D1BF /* Frameworks */ = {
			isa = PBXFrameworksBuildPhase;
			buildActionMask = 2147483647;
			files = (
				3CE1B1FB1790F0220041D1BF /* SenTestingKit.framework in Frameworks */,
				3CE1B1FC1790F0220041D1BF /* UIKit.framework in Frameworks */,
				3CE1B1FD1790F0220041D1BF /* Foundation.framework in Frameworks */,
			);
			runOnlyForDeploymentPostprocessing = 0;
		};
/* End PBXFrameworksBuildPhase section */

/* Begin PBXGroup section */
		080E96DDFE201D6D7F000001 /* Classes */ = {
			isa = PBXGroup;
			children = (
				3C38FAF917923045003CC8C0 /* Managers */,
				3CA0963C178B52C6000B8A0E /* Data */,
				3CA09636178B5252000B8A0E /* BFClassifier */,
				3CA0962117874FC2000B8A0E /* ViewControllers */,
				DE4F80D714E153EA00655D44 /* MainController */,
				1D3623240D0F684500981E51 /* AppDelegate.h */,
				1D3623250D0F684500981E51 /* AppDelegate.m */,
			);
			path = Classes;
			sourceTree = "<group>";
		};
		19C28FACFE9D520D11CA2CBB /* Products */ = {
			isa = PBXGroup;
			children = (
				1D6058910D05DD3D006BFB54 /* uRight3.app */,
				3CE1B1FA1790F0220041D1BF /* UnitTests.octest */,
			);
			name = Products;
			sourceTree = "<group>";
		};
		29B97314FDCFA39411CA2CEA /* CustomTemplate */ = {
			isa = PBXGroup;
			children = (
				DE4A3DA210FFB0D400FDA492 /* Sparrow.xcodeproj */,
				3CE1B1FE1790F0220041D1BF /* UnitTests */,
				080E96DDFE201D6D7F000001 /* Classes */,
				29B97315FDCFA39411CA2CEA /* Other Sources */,
				29B97317FDCFA39411CA2CEA /* Resources */,
				29B97323FDCFA39411CA2CEA /* Frameworks */,
				19C28FACFE9D520D11CA2CBB /* Products */,
			);
			name = CustomTemplate;
			sourceTree = "<group>";
		};
		29B97315FDCFA39411CA2CEA /* Other Sources */ = {
			isa = PBXGroup;
			children = (
				3C81539C179D27330079EB06 /* MBProgressHUD */,
				3CE1B1BE1790EE170041D1BF /* ASIHTTP */,
				32CA4F630368D1EE00C91783 /* App-Prefix.pch */,
				8D1107310486CEB800E47090 /* App-Info.plist */,
				29B97316FDCFA39411CA2CEA /* main.m */,
			);
			name = "Other Sources";
			sourceTree = "<group>";
		};
		29B97317FDCFA39411CA2CEA /* Resources */ = {
			isa = PBXGroup;
			children = (
				3C44360A17A2EE3900032623 /* json */,
				DE0C71121624180300357F6E /* system */,
				DE4F80D914E1541400655D44 /* audio */,
				DE4F80DC14E1541400655D44 /* graphics */,
			);
			name = Resources;
			sourceTree = "<group>";
		};
		29B97323FDCFA39411CA2CEA /* Frameworks */ = {
			isa = PBXGroup;
			children = (
				3CE29DD31794006200769A23 /* libsqlite3.dylib */,
				3C81538F179CF41D0079EB06 /* libz.1.1.3.dylib */,
				DE5C4E6D138ED109004892CA /* libz.dylib */,
				3CE29DC91793FF3200769A23 /* FacebookSDKResources.bundle */,
				3CE29DCA1793FF3200769A23 /* FacebookSDK.framework */,
				3C81538B179CF3930079EB06 /* Parse.framework */,
				3C815391179CF43F0079EB06 /* StoreKit.framework */,
				3C81538D179CF4110079EB06 /* CoreLocation.framework */,
				3CE29DD71794007300769A23 /* Social.framework */,
				3CE29DD51794006C00769A23 /* Security.framework */,
				3CE29DD11794004C00769A23 /* Accounts.framework */,
				3CE29DCF1794003F00769A23 /* AdSupport.framework */,
				3C89AB99178B576200874DC8 /* SystemConfiguration.framework */,
				3C89AB97178B575100874DC8 /* MobileCoreServices.framework */,
				3C89AB95178B572400874DC8 /* CFNetwork.framework */,
				DEAAF3DE16BC114D004EB9D5 /* GLKit.framework */,
				DE3F093711B7B9DC009D4DB0 /* AVFoundation.framework */,
				DE3F093911B7B9DC009D4DB0 /* AudioToolbox.framework */,
				DE3F097711B7BABD009D4DB0 /* OpenAL.framework */,
				DE4A3D7E10FFB08B00FDA492 /* QuartzCore.framework */,
				DE4A3D7910FFB08200FDA492 /* OpenGLES.framework */,
				1DF5F4DF0D08C38300B7A737 /* UIKit.framework */,
				1D30AB110D05D00D00671497 /* Foundation.framework */,
				288765FC0DF74451002DB57D /* CoreGraphics.framework */,
				3CE1B1E41790EF320041D1BF /* SenTestingKit.framework */,
			);
			name = Frameworks;
			sourceTree = "<group>";
		};
		3C38FAF917923045003CC8C0 /* Managers */ = {
			isa = PBXGroup;
			children = (
				3CA09658178B5361000B8A0E /* ServerManager.h */,
				3CA09659178B5361000B8A0E /* ServerManager.m */,
				3CE29DD917943A5500769A23 /* AccountManager.h */,
				3CE29DDA17943A5500769A23 /* AccountManager.m */,
			);
			name = Managers;
			sourceTree = "<group>";
		};
		3C44360A17A2EE3900032623 /* json */ = {
			isa = PBXGroup;
			children = (
				3C44360B17A2EE4C00032623 /* charsets.json */,
			);
			name = json;
			sourceTree = "<group>";
		};
		3C81539C179D27330079EB06 /* MBProgressHUD */ = {
			isa = PBXGroup;
			children = (
				3C815399179D27290079EB06 /* MBProgressHUD.h */,
				3C81539A179D27290079EB06 /* MBProgressHUD.m */,
			);
			name = MBProgressHUD;
			sourceTree = "<group>";
		};
		3CA0962117874FC2000B8A0E /* ViewControllers */ = {
			isa = PBXGroup;
			children = (
				3C815393179CF8920079EB06 /* LoginViewController.h */,
				3C815394179CF8930079EB06 /* LoginViewController.m */,
				3CA096231787505D000B8A0E /* Canvas.h */,
				3CA096241787505D000B8A0E /* Canvas.m */,
				3CA09626178778C4000B8A0E /* Scene.h */,
				3CA09627178778C4000B8A0E /* Scene.m */,
				3C81539D179D34EF0079EB06 /* NoticeScene.h */,
				3C81539E179D34F10079EB06 /* NoticeScene.m */,
				3C81533A179CC9FE0079EB06 /* SwipeScene.h */,
				3C815337179CC9E30079EB06 /* SwipeScene.m */,
				3CA0962C17878524000B8A0E /* MenuScene.h */,
				3CA0962D17878525000B8A0E /* MenuScene.m */,
				3CA0962F1787853F000B8A0E /* RaceScene.h */,
				3CA096301787853F000B8A0E /* RaceScene.m */,
				3CD2603E17994298007DDB75 /* RaceSummaryScene.h */,
				3CD2603F17994298007DDB75 /* RaceSummaryScene.m */,
				3C815388179CD66F0079EB06 /* RaceReviewScene.h */,
				3C815389179CD66F0079EB06 /* RaceReviewScene.m */,
				3CD260421799DA09007DDB75 /* EditCustomScene.h */,
				3CD260431799DA0B007DDB75 /* EditCustomScene.m */,
			);
			name = ViewControllers;
			sourceTree = "<group>";
		};
		3CA09636178B5252000B8A0E /* BFClassifier */ = {
			isa = PBXGroup;
			children = (
				3CA09639178B52A6000B8A0E /* JCSuperPriorityQueue.h */,
				3CA0963A178B52A6000B8A0E /* JCSuperPriorityQueue.mm */,
				3CA09637178B526B000B8A0E /* BFClassifier.h */,
				3CA09638178B526B000B8A0E /* BFClassifier.m */,
				3CE1B1871790AA320041D1BF /* BFPrototype.h */,
				3CE1B1881790AA320041D1BF /* BFPrototype.m */,
			);
			name = BFClassifier;
			sourceTree = "<group>";
		};
		3CA0963C178B52C6000B8A0E /* Data */ = {
			isa = PBXGroup;
			children = (
				3CE29DDC1794BCBD00769A23 /* URJSONSerializable.h */,
				3CA0963D178B52F0000B8A0E /* InkPoint.h */,
				3CA0963E178B52F0000B8A0E /* InkPoint.m */,
				3CA09641178B52F0000B8A0E /* InkCharacter.h */,
				3CA09642178B52F0000B8A0E /* InkCharacter.m */,
				3CA09647178B52F0000B8A0E /* ClassificationResult.h */,
				3CA09648178B52F0000B8A0E /* ClassificationResult.m */,
				3C38FAEF1791592D003CC8C0 /* RoundData.h */,
				3C38FAF01791592D003CC8C0 /* RoundData.m */,
				3CA09649178B52F0000B8A0E /* SessionData.h */,
				3CA0964A178B52F0000B8A0E /* SessionData.m */,
				3C38FAF517921B71003CC8C0 /* Charset.h */,
				3C38FAF617921B71003CC8C0 /* Charset.m */,
				3CA0964B178B52F0000B8A0E /* UserData.h */,
				3CA0964C178B52F0000B8A0E /* UserData.m */,
				3CA0964D178B52F0000B8A0E /* GlobalStorage.h */,
				3CA0964E178B52F0000B8A0E /* GlobalStorage.m */,
			);
			name = Data;
			sourceTree = "<group>";
		};
		3CE1B1BE1790EE170041D1BF /* ASIHTTP */ = {
			isa = PBXGroup;
			children = (
				3CE1B1BF1790EE170041D1BF /* ASIAuthenticationDialog.h */,
				3CE1B1C01790EE170041D1BF /* ASIAuthenticationDialog.m */,
				3CE1B1C11790EE170041D1BF /* ASICacheDelegate.h */,
				3CE1B1C21790EE170041D1BF /* ASIDataCompressor.h */,
				3CE1B1C31790EE170041D1BF /* ASIDataCompressor.m */,
				3CE1B1C41790EE170041D1BF /* ASIDataDecompressor.h */,
				3CE1B1C51790EE170041D1BF /* ASIDataDecompressor.m */,
				3CE1B1C61790EE170041D1BF /* ASIDownloadCache.h */,
				3CE1B1C71790EE170041D1BF /* ASIDownloadCache.m */,
				3CE1B1C81790EE170041D1BF /* ASIFormDataRequest.h */,
				3CE1B1C91790EE170041D1BF /* ASIFormDataRequest.m */,
				3CE1B1CA1790EE170041D1BF /* ASIHTTPRequest.h */,
				3CE1B1CB1790EE170041D1BF /* ASIHTTPRequest.m */,
				3CE1B1CC1790EE170041D1BF /* ASIHTTPRequestConfig.h */,
				3CE1B1CD1790EE170041D1BF /* ASIHTTPRequestDelegate.h */,
				3CE1B1CE1790EE170041D1BF /* ASIInputStream.h */,
				3CE1B1CF1790EE170041D1BF /* ASIInputStream.m */,
				3CE1B1D01790EE170041D1BF /* ASINetworkQueue.h */,
				3CE1B1D11790EE170041D1BF /* ASINetworkQueue.m */,
				3CE1B1D21790EE170041D1BF /* ASIProgressDelegate.h */,
				3CE1B1D31790EE170041D1BF /* Reachability.h */,
				3CE1B1D41790EE170041D1BF /* Reachability.m */,
			);
			name = ASIHTTP;
			path = ../vendor/ASIHTTP;
			sourceTree = "<group>";
		};
		3CE1B1FE1790F0220041D1BF /* UnitTests */ = {
			isa = PBXGroup;
			children = (
				3CE1B18B1790EB2D0041D1BF /* BFClassifierTest.h */,
				3CE1B1BA1790ED1E0041D1BF /* BFClassifierTest.m */,
				3CE1B2041790F0230041D1BF /* JCSuperPriorityQueueTest.h */,
				3CE1B2051790F0230041D1BF /* JCSuperPriorityQueueTest.m */,
				3CE1B1FF1790F0230041D1BF /* Supporting Files */,
			);
			path = UnitTests;
			sourceTree = "<group>";
		};
		3CE1B1FF1790F0230041D1BF /* Supporting Files */ = {
			isa = PBXGroup;
			children = (
				3CE1B2001790F0230041D1BF /* UnitTests-Info.plist */,
				3CE1B2011790F0230041D1BF /* InfoPlist.strings */,
				3CE1B2071790F0230041D1BF /* UnitTests-Prefix.pch */,
			);
			name = "Supporting Files";
			sourceTree = "<group>";
		};
		DE0C71121624180300357F6E /* system */ = {
			isa = PBXGroup;
			children = (
				3C4435F0179E0F6A00032623 /* Default-568h@2x.png */,
				3CE1B17F178BF1ED0041D1BF /* _Default-568h@2x.png */,
				DE0C71081624179300357F6E /* Default-Landscape~ipad.png */,
				DE0C71061624178400357F6E /* Default-Portrait~ipad.png */,
				DE0C710A162417A600357F6E /* Icon.png */,
				DE0C710E162417B400357F6E /* Icon@2x.png */,
				DE0C7110162417B800357F6E /* Icon@2x~ipad.png */,
				DE0C710C162417AC00357F6E /* Icon~ipad.png */,
			);
			name = system;
			sourceTree = "<group>";
		};
		DE4A3DAB10FFB0DB00FDA492 /* Products */ = {
			isa = PBXGroup;
			children = (
				DE4A3DB010FFB0DB00FDA492 /* libSparrow.a */,
				DE4A3DB210FFB0DB00FDA492 /* UnitTest.octest */,
			);
			name = Products;
			sourceTree = "<group>";
		};
		DE4F80D714E153EA00655D44 /* MainController */ = {
			isa = PBXGroup;
			children = (
				DE4A3DE310FFB2AF00FDA492 /* Game.h */,
				DE4A3DE410FFB2AF00FDA492 /* Game.m */,
				DE4F80D414E153E600655D44 /* Media.h */,
				DE4F80D514E153E600655D44 /* Media.m */,
			);
			name = MainController;
			sourceTree = "<group>";
		};
		DE4F80D914E1541400655D44 /* audio */ = {
			isa = PBXGroup;
			children = (
				3CD25FBE179904DB007DDB75 /* 0.caf */,
				3CD25FBF179904DB007DDB75 /* 1.caf */,
				3CD25FC0179904DB007DDB75 /* 2.caf */,
				3CD25FC1179904DB007DDB75 /* 3.caf */,
				3CD25FC2179904DB007DDB75 /* 4.caf */,
				3CD25FC3179904DB007DDB75 /* 5.caf */,
				3CD25FC4179904DB007DDB75 /* 6.caf */,
				3CD25FC5179904DB007DDB75 /* 7.caf */,
				3CD25FC6179904DB007DDB75 /* 8.caf */,
				3CD25FC7179904DB007DDB75 /* 9.caf */,
				3CD25FC8179904DB007DDB75 /* a.caf */,
				3CD25FC9179904DB007DDB75 /* alef.caf */,
				3CD25FCA179904DB007DDB75 /* ayin.caf */,
				3CD25FCB179904DB007DDB75 /* b.caf */,
				3CD25FCC179904DB007DDB75 /* bet.caf */,
				3CD25FCD179904DB007DDB75 /* c.caf */,
				3CD25FCE179904DB007DDB75 /* d.caf */,
				3CD25FCF179904DB007DDB75 /* dalet.caf */,
				3CD25FD0179904DB007DDB75 /* e.caf */,
				3CD25FD1179904DB007DDB75 /* f.caf */,
				3CD25FD2179904DB007DDB75 /* g.caf */,
				3CD25FD3179904DB007DDB75 /* gimel.caf */,
				3CD25FD4179904DB007DDB75 /* h.caf */,
				3CD25FD5179904DB007DDB75 /* he.caf */,
				3CD25FD6179904DB007DDB75 /* het.caf */,
				3CD25FD7179904DB007DDB75 /* i.caf */,
				3CD25FD8179904DB007DDB75 /* j.caf */,
				3CD25FD9179904DB007DDB75 /* k.caf */,
				3CD25FDA179904DB007DDB75 /* kaf_final.caf */,
				3CD25FDB179904DB007DDB75 /* kaf.caf */,
				3CD25FDC179904DB007DDB75 /* l.caf */,
				3CD25FDD179904DB007DDB75 /* lamed.caf */,
				3CD25FDE179904DB007DDB75 /* m.caf */,
				3CD25FDF179904DB007DDB75 /* mem_final.caf */,
				3CD25FE0179904DB007DDB75 /* mem.caf */,
				3CD25FE1179904DB007DDB75 /* n.caf */,
				3CD25FE2179904DB007DDB75 /* nun_final.caf */,
				3CD25FE3179904DB007DDB75 /* nun.caf */,
				3CD25FE4179904DB007DDB75 /* o.caf */,
				3CD25FE5179904DB007DDB75 /* p.caf */,
				3CD25FE6179904DB007DDB75 /* pe_final.caf */,
				3CD25FE7179904DB007DDB75 /* pe.caf */,
				3CD25FE8179904DB007DDB75 /* q.caf */,
				3CD25FE9179904DB007DDB75 /* qof.caf */,
				3CD25FEA179904DB007DDB75 /* r.caf */,
				3CD25FEB179904DB007DDB75 /* resh.caf */,
				3CD25FEC179904DB007DDB75 /* s.caf */,
				3CD25FED179904DB007DDB75 /* samekh.caf */,
				3CD25FEE179904DB007DDB75 /* shin.caf */,
				3CD25FEF179904DB007DDB75 /* t.caf */,
				3CD25FF0179904DB007DDB75 /* tav.caf */,
				3CD25FF1179904DB007DDB75 /* tet.caf */,
				3CD25FF2179904DB007DDB75 /* tsadi_final.caf */,
				3CD25FF3179904DB007DDB75 /* tsadi.caf */,
				3CD25FF4179904DB007DDB75 /* u.caf */,
				3CD25FF5179904DB007DDB75 /* v.caf */,
				3CD25FF6179904DB007DDB75 /* vav.caf */,
				3CD25FF7179904DB007DDB75 /* w.caf */,
				3CD25FF8179904DB007DDB75 /* WhoopFlp.caf */,
				3CD25FF9179904DB007DDB75 /* x.caf */,
				3CD25FFA179904DB007DDB75 /* y.caf */,
				3CD25FFB179904DB007DDB75 /* yod.caf */,
				3CD25FFC179904DB007DDB75 /* z.caf */,
				3CD25FFD179904DB007DDB75 /* zayin.caf */,
				3CE1B182178C03CB0041D1BF /* briefcase-lock-2.caf */,
				3CE1B17D178BED370041D1BF /* DING.caf */,
				DE4F80DB14E1541400655D44 /* sound.caf */,
			);
			name = audio;
			path = ../media/audio;
			sourceTree = "<group>";
		};
		DE4F80DC14E1541400655D44 /* graphics */ = {
			isa = PBXGroup;
			children = (
				DE4F80DD14E1541400655D44 /* 1x */,
				DE4F80E214E1541400655D44 /* 2x */,
			);
			name = graphics;
			path = ../media/graphics;
			sourceTree = "<group>";
		};
		DE4F80DD14E1541400655D44 /* 1x */ = {
			isa = PBXGroup;
			children = (
				3C815332179B8A530079EB06 /* blueButton.png */,
				3C815333179B8A530079EB06 /* blueButtonHighlight.png */,
				3CA09632178788FE000B8A0E /* button_big.png */,
				DE4F80DE14E1541400655D44 /* atlas.png */,
				DE4F80DF14E1541400655D44 /* atlas.xml */,
				DE115960162320F100A25086 /* background.jpg */,
			);
			path = 1x;
			sourceTree = "<group>";
		};
		DE4F80E214E1541400655D44 /* 2x */ = {
			isa = PBXGroup;
			children = (
				3C4435EA179DF96700032623 /* background@2x.jpg */,
				3C81532E179B8A450079EB06 /* blueButton@2x.png */,
				3C81532F179B8A450079EB06 /* blueButtonHighlight@2x.png */,
				3CA096341787890F000B8A0E /* button_big@2x.png */,
				DE4F80E314E1541400655D44 /* atlas@2x.png */,
				DE4F80E414E1541400655D44 /* atlas@2x.xml */,
				DE115962162320F800A25086 /* _background@2x.jpg */,
			);
			path = 2x;
			sourceTree = "<group>";
		};
/* End PBXGroup section */

/* Begin PBXNativeTarget section */
		1D6058900D05DD3D006BFB54 /* iPhone */ = {
			isa = PBXNativeTarget;
			buildConfigurationList = 1D6058960D05DD3E006BFB54 /* Build configuration list for PBXNativeTarget "iPhone" */;
			buildPhases = (
				1D60588D0D05DD3D006BFB54 /* Resources */,
				1D60588E0D05DD3D006BFB54 /* Sources */,
				1D60588F0D05DD3D006BFB54 /* Frameworks */,
			);
			buildRules = (
			);
			dependencies = (
				DE4A3DB810FFB0F500FDA492 /* PBXTargetDependency */,
			);
			name = iPhone;
			productName = AppScaffold;
			productReference = 1D6058910D05DD3D006BFB54 /* uRight3.app */;
			productType = "com.apple.product-type.application";
		};
		3CE1B1F91790F0220041D1BF /* UnitTests */ = {
			isa = PBXNativeTarget;
			buildConfigurationList = 3CE1B2081790F0230041D1BF /* Build configuration list for PBXNativeTarget "UnitTests" */;
			buildPhases = (
				3CE1B1F51790F0220041D1BF /* Sources */,
				3CE1B1F61790F0220041D1BF /* Frameworks */,
				3CE1B1F71790F0220041D1BF /* Resources */,
				3CE1B1F81790F0220041D1BF /* ShellScript */,
			);
			buildRules = (
			);
			dependencies = (
				3CE1B20F1790F6E50041D1BF /* PBXTargetDependency */,
			);
			name = UnitTests;
			productName = UnitTests;
			productReference = 3CE1B1FA1790F0220041D1BF /* UnitTests.octest */;
			productType = "com.apple.product-type.bundle";
		};
/* End PBXNativeTarget section */

/* Begin PBXProject section */
		29B97313FDCFA39411CA2CEA /* Project object */ = {
			isa = PBXProject;
			attributes = {
				LastUpgradeCheck = 0450;
			};
			buildConfigurationList = C01FCF4E08A954540054247B /* Build configuration list for PBXProject "uRight3" */;
			compatibilityVersion = "Xcode 3.2";
			developmentRegion = English;
			hasScannedForEncodings = 1;
			knownRegions = (
				English,
				Japanese,
				French,
				German,
				en,
			);
			mainGroup = 29B97314FDCFA39411CA2CEA /* CustomTemplate */;
			projectDirPath = "";
			projectReferences = (
				{
					ProductGroup = DE4A3DAB10FFB0DB00FDA492 /* Products */;
					ProjectRef = DE4A3DA210FFB0D400FDA492 /* Sparrow.xcodeproj */;
				},
			);
			projectRoot = "";
			targets = (
				1D6058900D05DD3D006BFB54 /* iPhone */,
				3CE1B1F91790F0220041D1BF /* UnitTests */,
			);
		};
/* End PBXProject section */

/* Begin PBXReferenceProxy section */
		DE4A3DB010FFB0DB00FDA492 /* libSparrow.a */ = {
			isa = PBXReferenceProxy;
			fileType = archive.ar;
			path = libSparrow.a;
			remoteRef = DE4A3DAF10FFB0DB00FDA492 /* PBXContainerItemProxy */;
			sourceTree = BUILT_PRODUCTS_DIR;
		};
		DE4A3DB210FFB0DB00FDA492 /* UnitTest.octest */ = {
			isa = PBXReferenceProxy;
			fileType = wrapper.cfbundle;
			path = UnitTest.octest;
			remoteRef = DE4A3DB110FFB0DB00FDA492 /* PBXContainerItemProxy */;
			sourceTree = BUILT_PRODUCTS_DIR;
		};
/* End PBXReferenceProxy section */

/* Begin PBXResourcesBuildPhase section */
		1D60588D0D05DD3D006BFB54 /* Resources */ = {
			isa = PBXResourcesBuildPhase;
			buildActionMask = 2147483647;
			files = (
				DE4F80E814E1541400655D44 /* sound.caf in Resources */,
				DE4F80E914E1541400655D44 /* atlas.png in Resources */,
				DE4F80EA14E1541400655D44 /* atlas.xml in Resources */,
				DE4F80ED14E1541400655D44 /* atlas@2x.png in Resources */,
				DE4F80EE14E1541400655D44 /* atlas@2x.xml in Resources */,
				DE115961162320F100A25086 /* background.jpg in Resources */,
				DE115963162320F800A25086 /* _background@2x.jpg in Resources */,
				DE0C71071624178400357F6E /* Default-Portrait~ipad.png in Resources */,
				DE0C71091624179300357F6E /* Default-Landscape~ipad.png in Resources */,
				DE0C710B162417A600357F6E /* Icon.png in Resources */,
				DE0C710D162417AC00357F6E /* Icon~ipad.png in Resources */,
				DE0C710F162417B400357F6E /* Icon@2x.png in Resources */,
				DE0C7111162417B800357F6E /* Icon@2x~ipad.png in Resources */,
				3CA09633178788FE000B8A0E /* button_big.png in Resources */,
				3CA096351787890F000B8A0E /* button_big@2x.png in Resources */,
				3CE1B17E178BED370041D1BF /* DING.caf in Resources */,
				3CE1B180178BF1EE0041D1BF /* _Default-568h@2x.png in Resources */,
				3CE1B183178C03CB0041D1BF /* briefcase-lock-2.caf in Resources */,
				3CE29DCB1793FF3200769A23 /* FacebookSDKResources.bundle in Resources */,
				3CD25FFE179904DB007DDB75 /* 0.caf in Resources */,
				3CD25FFF179904DB007DDB75 /* 1.caf in Resources */,
				3CD26000179904DB007DDB75 /* 2.caf in Resources */,
				3CD26001179904DB007DDB75 /* 3.caf in Resources */,
				3CD26002179904DB007DDB75 /* 4.caf in Resources */,
				3CD26003179904DB007DDB75 /* 5.caf in Resources */,
				3CD26004179904DB007DDB75 /* 6.caf in Resources */,
				3CD26005179904DB007DDB75 /* 7.caf in Resources */,
				3CD26006179904DB007DDB75 /* 8.caf in Resources */,
				3CD26007179904DB007DDB75 /* 9.caf in Resources */,
				3CD26008179904DB007DDB75 /* a.caf in Resources */,
				3CD26009179904DB007DDB75 /* alef.caf in Resources */,
				3CD2600A179904DB007DDB75 /* ayin.caf in Resources */,
				3CD2600B179904DB007DDB75 /* b.caf in Resources */,
				3CD2600C179904DB007DDB75 /* bet.caf in Resources */,
				3CD2600D179904DB007DDB75 /* c.caf in Resources */,
				3CD2600E179904DB007DDB75 /* d.caf in Resources */,
				3CD2600F179904DB007DDB75 /* dalet.caf in Resources */,
				3CD26010179904DB007DDB75 /* e.caf in Resources */,
				3CD26011179904DB007DDB75 /* f.caf in Resources */,
				3CD26012179904DB007DDB75 /* g.caf in Resources */,
				3CD26013179904DB007DDB75 /* gimel.caf in Resources */,
				3CD26014179904DB007DDB75 /* h.caf in Resources */,
				3CD26015179904DB007DDB75 /* he.caf in Resources */,
				3CD26016179904DB007DDB75 /* het.caf in Resources */,
				3CD26017179904DB007DDB75 /* i.caf in Resources */,
				3CD26018179904DB007DDB75 /* j.caf in Resources */,
				3CD26019179904DB007DDB75 /* k.caf in Resources */,
				3CD2601A179904DB007DDB75 /* kaf_final.caf in Resources */,
				3CD2601B179904DB007DDB75 /* kaf.caf in Resources */,
				3CD2601C179904DB007DDB75 /* l.caf in Resources */,
				3CD2601D179904DB007DDB75 /* lamed.caf in Resources */,
				3CD2601E179904DB007DDB75 /* m.caf in Resources */,
				3CD2601F179904DB007DDB75 /* mem_final.caf in Resources */,
				3CD26020179904DB007DDB75 /* mem.caf in Resources */,
				3CD26021179904DB007DDB75 /* n.caf in Resources */,
				3CD26022179904DB007DDB75 /* nun_final.caf in Resources */,
				3CD26023179904DB007DDB75 /* nun.caf in Resources */,
				3CD26024179904DB007DDB75 /* o.caf in Resources */,
				3CD26025179904DB007DDB75 /* p.caf in Resources */,
				3CD26026179904DB007DDB75 /* pe_final.caf in Resources */,
				3CD26027179904DB007DDB75 /* pe.caf in Resources */,
				3CD26028179904DB007DDB75 /* q.caf in Resources */,
				3CD26029179904DB007DDB75 /* qof.caf in Resources */,
				3CD2602A179904DB007DDB75 /* r.caf in Resources */,
				3CD2602B179904DB007DDB75 /* resh.caf in Resources */,
				3CD2602C179904DB007DDB75 /* s.caf in Resources */,
				3CD2602D179904DB007DDB75 /* samekh.caf in Resources */,
				3CD2602E179904DB007DDB75 /* shin.caf in Resources */,
				3CD2602F179904DB007DDB75 /* t.caf in Resources */,
				3CD26030179904DB007DDB75 /* tav.caf in Resources */,
				3CD26031179904DB007DDB75 /* tet.caf in Resources */,
				3CD26032179904DB007DDB75 /* tsadi_final.caf in Resources */,
				3CD26033179904DB007DDB75 /* tsadi.caf in Resources */,
				3CD26034179904DB007DDB75 /* u.caf in Resources */,
				3CD26035179904DB007DDB75 /* v.caf in Resources */,
				3CD26036179904DB007DDB75 /* vav.caf in Resources */,
				3CD26037179904DB007DDB75 /* w.caf in Resources */,
				3CD26038179904DB007DDB75 /* WhoopFlp.caf in Resources */,
				3CD26039179904DB007DDB75 /* x.caf in Resources */,
				3CD2603A179904DB007DDB75 /* y.caf in Resources */,
				3CD2603B179904DB007DDB75 /* yod.caf in Resources */,
				3CD2603C179904DB007DDB75 /* z.caf in Resources */,
				3CD2603D179904DB007DDB75 /* zayin.caf in Resources */,
				3C815330179B8A450079EB06 /* blueButton@2x.png in Resources */,
				3C815331179B8A450079EB06 /* blueButtonHighlight@2x.png in Resources */,
				3C815334179B8A530079EB06 /* blueButton.png in Resources */,
				3C815335179B8A530079EB06 /* blueButtonHighlight.png in Resources */,
				3C815338179CC9E30079EB06 /* SwipeScene.m in Resources */,
				3C4435EB179DF96700032623 /* background@2x.jpg in Resources */,
				3C4435F1179E0F6A00032623 /* Default-568h@2x.png in Resources */,
				3C44360C17A2EE4C00032623 /* charsets.json in Resources */,
			);
			runOnlyForDeploymentPostprocessing = 0;
		};
		3CE1B1F71790F0220041D1BF /* Resources */ = {
			isa = PBXResourcesBuildPhase;
			buildActionMask = 2147483647;
			files = (
				3CE1B2031790F0230041D1BF /* InfoPlist.strings in Resources */,
			);
			runOnlyForDeploymentPostprocessing = 0;
		};
/* End PBXResourcesBuildPhase section */

/* Begin PBXShellScriptBuildPhase section */
		3CE1B1F81790F0220041D1BF /* ShellScript */ = {
			isa = PBXShellScriptBuildPhase;
			buildActionMask = 2147483647;
			files = (
			);
			inputPaths = (
			);
			outputPaths = (
			);
			runOnlyForDeploymentPostprocessing = 0;
			shellPath = /bin/sh;
			shellScript = "# Run the unit tests in this test bundle.\n\"${SYSTEM_DEVELOPER_DIR}/Tools/RunUnitTests\"\n";
		};
/* End PBXShellScriptBuildPhase section */

/* Begin PBXSourcesBuildPhase section */
		1D60588E0D05DD3D006BFB54 /* Sources */ = {
			isa = PBXSourcesBuildPhase;
			buildActionMask = 2147483647;
			files = (
				3CE1B1D51790EE170041D1BF /* ASIAuthenticationDialog.m in Sources */,
				3CE1B1D61790EE170041D1BF /* ASIDataCompressor.m in Sources */,
				3CE1B1D71790EE170041D1BF /* ASIDataDecompressor.m in Sources */,
				3CE1B1D81790EE170041D1BF /* ASIDownloadCache.m in Sources */,
				3CE1B1D91790EE170041D1BF /* ASIFormDataRequest.m in Sources */,
				3CE1B1DA1790EE170041D1BF /* ASIHTTPRequest.m in Sources */,
				3CE1B1DB1790EE170041D1BF /* ASIInputStream.m in Sources */,
				3CE1B1DC1790EE170041D1BF /* ASINetworkQueue.m in Sources */,
				3CE1B1DD1790EE170041D1BF /* Reachability.m in Sources */,
				3C81539B179D27290079EB06 /* MBProgressHUD.m in Sources */,
				1D60589B0D05DD56006BFB54 /* main.m in Sources */,
				1D3623260D0F684500981E51 /* AppDelegate.m in Sources */,
				3CA0963B178B52A6000B8A0E /* JCSuperPriorityQueue.mm in Sources */,
				3CA0964F178B52F0000B8A0E /* InkPoint.m in Sources */,
				3CA09651178B52F0000B8A0E /* InkCharacter.m in Sources */,
				3CA09654178B52F0000B8A0E /* ClassificationResult.m in Sources */,
				3CA09655178B52F0000B8A0E /* SessionData.m in Sources */,
				3CA09656178B52F0000B8A0E /* UserData.m in Sources */,
				3CA09657178B52F0000B8A0E /* GlobalStorage.m in Sources */,
				3CA0965A178B5361000B8A0E /* ServerManager.m in Sources */,
				DE4A3DE510FFB2AF00FDA492 /* Game.m in Sources */,
				DE4F80D614E153E600655D44 /* Media.m in Sources */,
				3CA096251787505D000B8A0E /* Canvas.m in Sources */,
				3CA09628178778C4000B8A0E /* Scene.m in Sources */,
				3C815387179CCC500079EB06 /* SwipeScene.m in Sources */,
				3CA0962E17878525000B8A0E /* MenuScene.m in Sources */,
				3CA0963117878540000B8A0E /* RaceScene.m in Sources */,
				3C89ABB2178BBC5C00874DC8 /* BFClassifier.m in Sources */,
				3CE1B1BD1790EDD60041D1BF /* BFPrototype.m in Sources */,
				3C38FAF11791592E003CC8C0 /* RoundData.m in Sources */,
				3C38FAF717921B71003CC8C0 /* Charset.m in Sources */,
				3CE29DDB17943A5500769A23 /* AccountManager.m in Sources */,
				3CD2604017994299007DDB75 /* RaceSummaryScene.m in Sources */,
				3CD260441799DA0D007DDB75 /* EditCustomScene.m in Sources */,
				3C81538A179CD6700079EB06 /* RaceReviewScene.m in Sources */,
				3C815395179CF8930079EB06 /* LoginViewController.m in Sources */,
				3C81539F179D34F30079EB06 /* NoticeScene.m in Sources */,
			);
			runOnlyForDeploymentPostprocessing = 0;
		};
		3CE1B1F51790F0220041D1BF /* Sources */ = {
			isa = PBXSourcesBuildPhase;
			buildActionMask = 2147483647;
			files = (
				3CE1B20D1790F28D0041D1BF /* BFClassifierTest.m in Sources */,
				3CE1B2061790F0230041D1BF /* JCSuperPriorityQueueTest.m in Sources */,
			);
			runOnlyForDeploymentPostprocessing = 0;
		};
/* End PBXSourcesBuildPhase section */

/* Begin PBXTargetDependency section */
		3CE1B20F1790F6E50041D1BF /* PBXTargetDependency */ = {
			isa = PBXTargetDependency;
			target = 1D6058900D05DD3D006BFB54 /* iPhone */;
			targetProxy = 3CE1B20E1790F6E50041D1BF /* PBXContainerItemProxy */;
		};
		DE4A3DB810FFB0F500FDA492 /* PBXTargetDependency */ = {
			isa = PBXTargetDependency;
			name = Sparrow;
			targetProxy = DE4A3DB710FFB0F500FDA492 /* PBXContainerItemProxy */;
		};
/* End PBXTargetDependency section */

/* Begin PBXVariantGroup section */
		3CE1B2011790F0230041D1BF /* InfoPlist.strings */ = {
			isa = PBXVariantGroup;
			children = (
				3CE1B2021790F0230041D1BF /* en */,
			);
			name = InfoPlist.strings;
			sourceTree = "<group>";
		};
/* End PBXVariantGroup section */

/* Begin XCBuildConfiguration section */
		1D6058940D05DD3E006BFB54 /* Debug */ = {
			isa = XCBuildConfiguration;
			buildSettings = {
				FRAMEWORK_SEARCH_PATHS = (
					"$(inherited)",
					"\"$(SRCROOT)/../../facebook-ios-sdk/build\"",
					"\"$(SRCROOT)\"",
					"\"$(SRCROOT)/../vendor\"",
				);
				GCC_SYMBOLS_PRIVATE_EXTERN = NO;
				INFOPLIST_FILE = "App-Info.plist";
				PRODUCT_NAME = uRight3;
				TARGETED_DEVICE_FAMILY = 1;
			};
			name = Debug;
		};
		1D6058950D05DD3E006BFB54 /* Release */ = {
			isa = XCBuildConfiguration;
			buildSettings = {
				FRAMEWORK_SEARCH_PATHS = (
					"$(inherited)",
					"\"$(SRCROOT)/../../facebook-ios-sdk/build\"",
					"\"$(SRCROOT)\"",
					"\"$(SRCROOT)/../vendor\"",
				);
				GCC_SYMBOLS_PRIVATE_EXTERN = NO;
				INFOPLIST_FILE = "App-Info.plist";
				PRODUCT_NAME = uRight3;
				TARGETED_DEVICE_FAMILY = 1;
			};
			name = Release;
		};
		3CE1B2091790F0230041D1BF /* Debug */ = {
			isa = XCBuildConfiguration;
			buildSettings = {
				ALWAYS_SEARCH_USER_PATHS = NO;
				BUNDLE_LOADER = "$(BUILT_PRODUCTS_DIR)/uRight3.app/uRight3";
				CLANG_CXX_LANGUAGE_STANDARD = "gnu++0x";
				CLANG_CXX_LIBRARY = "libc++";
				FRAMEWORK_SEARCH_PATHS = (
					"\"$(SDKROOT)/Developer/Library/Frameworks\"",
					"\"$(DEVELOPER_LIBRARY_DIR)/Frameworks\"",
				);
				GCC_DYNAMIC_NO_PIC = NO;
				GCC_PRECOMPILE_PREFIX_HEADER = YES;
				GCC_PREFIX_HEADER = "UnitTests/UnitTests-Prefix.pch";
				GCC_PREPROCESSOR_DEFINITIONS = (
					"DEBUG=1",
					"$(inherited)",
				);
				GCC_SYMBOLS_PRIVATE_EXTERN = NO;
				INFOPLIST_FILE = "UnitTests/UnitTests-Info.plist";
				IPHONEOS_DEPLOYMENT_TARGET = 5.0;
				PRODUCT_NAME = "$(TARGET_NAME)";
				TEST_HOST = "$(BUNDLE_LOADER)";
				WRAPPER_EXTENSION = octest;
			};
			name = Debug;
		};
		3CE1B20A1790F0230041D1BF /* Release */ = {
			isa = XCBuildConfiguration;
			buildSettings = {
				ALWAYS_SEARCH_USER_PATHS = NO;
				BUNDLE_LOADER = "$(BUILT_PRODUCTS_DIR)/uRight3.app/uRight3";
				CLANG_CXX_LANGUAGE_STANDARD = "gnu++0x";
				CLANG_CXX_LIBRARY = "libc++";
				COPY_PHASE_STRIP = YES;
				FRAMEWORK_SEARCH_PATHS = (
					"\"$(SDKROOT)/Developer/Library/Frameworks\"",
					"\"$(DEVELOPER_LIBRARY_DIR)/Frameworks\"",
				);
				GCC_PRECOMPILE_PREFIX_HEADER = YES;
				GCC_PREFIX_HEADER = "UnitTests/UnitTests-Prefix.pch";
				INFOPLIST_FILE = "UnitTests/UnitTests-Info.plist";
				IPHONEOS_DEPLOYMENT_TARGET = 5.0;
				PRODUCT_NAME = "$(TARGET_NAME)";
				TEST_HOST = "$(BUNDLE_LOADER)";
				WRAPPER_EXTENSION = octest;
			};
			name = Release;
		};
		C01FCF4F08A954540054247B /* Debug */ = {
			isa = XCBuildConfiguration;
			buildSettings = {
				CLANG_ENABLE_OBJC_ARC = YES;
				CLANG_WARN_CONSTANT_CONVERSION = YES;
				CLANG_WARN_EMPTY_BODY = YES;
				CLANG_WARN_ENUM_CONVERSION = YES;
				CLANG_WARN_INT_CONVERSION = YES;
				CLANG_WARN__DUPLICATE_METHOD_MATCH = YES;
				CODE_SIGN_IDENTITY = "iPhone Developer";
				"CODE_SIGN_IDENTITY[sdk=iphoneos*]" = "iPhone Developer";
				COPY_PHASE_STRIP = NO;
				GCC_C_LANGUAGE_STANDARD = gnu99;
				GCC_OPTIMIZATION_LEVEL = 0;
				GCC_PRECOMPILE_PREFIX_HEADER = YES;
				GCC_PREFIX_HEADER = "App-Prefix.pch";
				GCC_THUMB_SUPPORT = NO;
				GCC_WARN_ABOUT_RETURN_TYPE = YES;
				GCC_WARN_UNINITIALIZED_AUTOS = YES;
				GCC_WARN_UNUSED_VARIABLE = YES;
				INFOPLIST_FILE = "";
				IPHONEOS_DEPLOYMENT_TARGET = 5.0;
				ONLY_ACTIVE_ARCH = YES;
				OTHER_LDFLAGS = (
					"-ObjC",
					"-all_load",
				);
				PRODUCT_NAME = "";
				PROVISIONING_PROFILE = "";
				SDKROOT = iphoneos;
				TARGETED_DEVICE_FAMILY = "1,2";
				USER_HEADER_SEARCH_PATHS = "${SPARROW_SRC}/**";
			};
			name = Debug;
		};
		C01FCF5008A954540054247B /* Release */ = {
			isa = XCBuildConfiguration;
			buildSettings = {
				CLANG_ENABLE_OBJC_ARC = YES;
				CLANG_WARN_CONSTANT_CONVERSION = YES;
				CLANG_WARN_EMPTY_BODY = YES;
				CLANG_WARN_ENUM_CONVERSION = YES;
				CLANG_WARN_INT_CONVERSION = YES;
				CLANG_WARN__DUPLICATE_METHOD_MATCH = YES;
				CODE_SIGN_IDENTITY = "iPhone Developer";
				"CODE_SIGN_IDENTITY[sdk=iphoneos*]" = "iPhone Developer";
				GCC_C_LANGUAGE_STANDARD = gnu99;
				GCC_PRECOMPILE_PREFIX_HEADER = YES;
				GCC_PREFIX_HEADER = "App-Prefix.pch";
				GCC_THUMB_SUPPORT = NO;
				GCC_WARN_ABOUT_RETURN_TYPE = YES;
				GCC_WARN_UNINITIALIZED_AUTOS = YES;
				GCC_WARN_UNUSED_VARIABLE = YES;
				INFOPLIST_FILE = "";
				IPHONEOS_DEPLOYMENT_TARGET = 5.0;
				OTHER_LDFLAGS = (
					"-ObjC",
					"-all_load",
				);
				PRODUCT_NAME = "";
				PROVISIONING_PROFILE = "";
				SDKROOT = iphoneos;
				TARGETED_DEVICE_FAMILY = "1,2";
				USER_HEADER_SEARCH_PATHS = "${SPARROW_SRC}/**";
				VALIDATE_PRODUCT = YES;
			};
			name = Release;
		};
/* End XCBuildConfiguration section */

/* Begin XCConfigurationList section */
		1D6058960D05DD3E006BFB54 /* Build configuration list for PBXNativeTarget "iPhone" */ = {
			isa = XCConfigurationList;
			buildConfigurations = (
				1D6058940D05DD3E006BFB54 /* Debug */,
				1D6058950D05DD3E006BFB54 /* Release */,
			);
			defaultConfigurationIsVisible = 0;
			defaultConfigurationName = Release;
		};
		3CE1B2081790F0230041D1BF /* Build configuration list for PBXNativeTarget "UnitTests" */ = {
			isa = XCConfigurationList;
			buildConfigurations = (
				3CE1B2091790F0230041D1BF /* Debug */,
				3CE1B20A1790F0230041D1BF /* Release */,
			);
			defaultConfigurationIsVisible = 0;
			defaultConfigurationName = Release;
		};
		C01FCF4E08A954540054247B /* Build configuration list for PBXProject "uRight3" */ = {
			isa = XCConfigurationList;
			buildConfigurations = (
				C01FCF4F08A954540054247B /* Debug */,
				C01FCF5008A954540054247B /* Release */,
			);
			defaultConfigurationIsVisible = 0;
			defaultConfigurationName = Release;
		};
/* End XCConfigurationList section */
	};
	rootObject = 29B97313FDCFA39411CA2CEA /* Project object */;
}
